// !$*UTF8*$!
{
	archiveVersion = 1;
	classes = {
	};
	objectVersion = 56;
	objects = {

/* Begin PBXBuildFile section */
		6FAA736C308B5AA3738DCF65 /* Pods_MoviesAppTests.framework in Frameworks */ = {isa = PBXBuildFile; fileRef = 4FB035A3E740B45A7A926339 /* Pods_MoviesAppTests.framework */; };
		CF059F192A30BB1D00820CBB /* Error.json in Resources */ = {isa = PBXBuildFile; fileRef = CF059F182A30BB1D00820CBB /* Error.json */; };
		CF059F1C2A30BB9600820CBB /* HomeScreenViewModelTests.swift in Sources */ = {isa = PBXBuildFile; fileRef = CF059F1B2A30BB9600820CBB /* HomeScreenViewModelTests.swift */; };
		CF059F1E2A30BEE400820CBB /* XCTestCase+Stubs.swift in Sources */ = {isa = PBXBuildFile; fileRef = CF059F1D2A30BEE400820CBB /* XCTestCase+Stubs.swift */; };
		CF3C73C22A2F6F33000EDDD4 /* PosterModel.swift in Sources */ = {isa = PBXBuildFile; fileRef = CF3C73C12A2F6F33000EDDD4 /* PosterModel.swift */; };
		CF5CB21F2A2FCEB100ECC21E /* ShimmerView.swift in Sources */ = {isa = PBXBuildFile; fileRef = CF5CB21E2A2FCEB100ECC21E /* ShimmerView.swift */; };
		CF5CB2292A2FD0E600ECC21E /* HomeScreenEnlargedShimmerCell.swift in Sources */ = {isa = PBXBuildFile; fileRef = CF5CB2272A2FD0E600ECC21E /* HomeScreenEnlargedShimmerCell.swift */; };
		CF5CB22A2A2FD0E600ECC21E /* HomeScreenEnlargedShimmerCell.xib in Resources */ = {isa = PBXBuildFile; fileRef = CF5CB2282A2FD0E600ECC21E /* HomeScreenEnlargedShimmerCell.xib */; };
		CF5CB22C2A2FD61200ECC21E /* UIView+FillInParent.swift in Sources */ = {isa = PBXBuildFile; fileRef = CF5CB22B2A2FD61200ECC21E /* UIView+FillInParent.swift */; };
		CF5CB22E2A2FE97B00ECC21E /* AppStatus.swift in Sources */ = {isa = PBXBuildFile; fileRef = CF5CB22D2A2FE97B00ECC21E /* AppStatus.swift */; };
		CF5CB2312A2FECF300ECC21E /* MovieDetailsShimmerView.swift in Sources */ = {isa = PBXBuildFile; fileRef = CF5CB2302A2FECF300ECC21E /* MovieDetailsShimmerView.swift */; };
		CF5CB2332A2FED0000ECC21E /* MovieDetailsShimmerView.xib in Resources */ = {isa = PBXBuildFile; fileRef = CF5CB2322A2FED0000ECC21E /* MovieDetailsShimmerView.xib */; };
		CF5CB2362A2FF52000ECC21E /* ErrorView.swift in Sources */ = {isa = PBXBuildFile; fileRef = CF5CB2352A2FF52000ECC21E /* ErrorView.swift */; };
		CF5CB2382A2FF52E00ECC21E /* ErrorView.xib in Resources */ = {isa = PBXBuildFile; fileRef = CF5CB2372A2FF52E00ECC21E /* ErrorView.xib */; };
		CF5CB23C2A2FFAE000ECC21E /* HomeScreenErrorCell.swift in Sources */ = {isa = PBXBuildFile; fileRef = CF5CB23A2A2FFAE000ECC21E /* HomeScreenErrorCell.swift */; };
		CF5CB23D2A2FFAE000ECC21E /* HomeScreenErrorCell.xib in Resources */ = {isa = PBXBuildFile; fileRef = CF5CB23B2A2FFAE000ECC21E /* HomeScreenErrorCell.xib */; };
		CF5CB26A2A30870000ECC21E /* HomeScreenViewControllerTests.swift in Sources */ = {isa = PBXBuildFile; fileRef = CF5CB2692A30870000ECC21E /* HomeScreenViewControllerTests.swift */; };
		CF5CB26D2A30A6DF00ECC21E /* Bundle+UnitTests.swift in Sources */ = {isa = PBXBuildFile; fileRef = CF5CB26C2A30A6DF00ECC21E /* Bundle+UnitTests.swift */; };
		CF5CB2722A30A8D000ECC21E /* Success.json in Resources */ = {isa = PBXBuildFile; fileRef = CF5CB2712A30A8D000ECC21E /* Success.json */; };
		CFC75AFB2A2CE3D300D7F86D /* AppDelegate.swift in Sources */ = {isa = PBXBuildFile; fileRef = CFC75AFA2A2CE3D300D7F86D /* AppDelegate.swift */; };
		CFC75AFD2A2CE3D300D7F86D /* SceneDelegate.swift in Sources */ = {isa = PBXBuildFile; fileRef = CFC75AFC2A2CE3D300D7F86D /* SceneDelegate.swift */; };
		CFC75B042A2CE3D500D7F86D /* Assets.xcassets in Resources */ = {isa = PBXBuildFile; fileRef = CFC75B032A2CE3D500D7F86D /* Assets.xcassets */; };
		CFC75B072A2CE3D500D7F86D /* LaunchScreen.storyboard in Resources */ = {isa = PBXBuildFile; fileRef = CFC75B052A2CE3D500D7F86D /* LaunchScreen.storyboard */; };
		CFC75B122A2CE46700D7F86D /* MoviesResponse.swift in Sources */ = {isa = PBXBuildFile; fileRef = CFC75B112A2CE46700D7F86D /* MoviesResponse.swift */; };
		CFC75B172A2CE48D00D7F86D /* AppError.swift in Sources */ = {isa = PBXBuildFile; fileRef = CFC75B142A2CE48D00D7F86D /* AppError.swift */; };
		CFC75B1E2A2CE49A00D7F86D /* MoviesTarget.swift in Sources */ = {isa = PBXBuildFile; fileRef = CFC75B1B2A2CE49A00D7F86D /* MoviesTarget.swift */; };
		CFC75B1F2A2CE49A00D7F86D /* HomeScreenService.swift in Sources */ = {isa = PBXBuildFile; fileRef = CFC75B1D2A2CE49A00D7F86D /* HomeScreenService.swift */; };
		CFC75B222A2CE62300D7F86D /* NibLoadableView.swift in Sources */ = {isa = PBXBuildFile; fileRef = CFC75B202A2CE62300D7F86D /* NibLoadableView.swift */; };
		CFC75B232A2CE62300D7F86D /* ReusableView.swift in Sources */ = {isa = PBXBuildFile; fileRef = CFC75B212A2CE62300D7F86D /* ReusableView.swift */; };
		CFC75B282A2CE63100D7F86D /* UICollectionViewCell+ReusableView.swift in Sources */ = {isa = PBXBuildFile; fileRef = CFC75B252A2CE63100D7F86D /* UICollectionViewCell+ReusableView.swift */; };
		CFC75B292A2CE63100D7F86D /* Collection+SafeAccess.swift in Sources */ = {isa = PBXBuildFile; fileRef = CFC75B262A2CE63100D7F86D /* Collection+SafeAccess.swift */; };
		CFC75B2A2A2CE63100D7F86D /* UICollectionView+Registeration.swift in Sources */ = {isa = PBXBuildFile; fileRef = CFC75B272A2CE63100D7F86D /* UICollectionView+Registeration.swift */; };
		CFC75B382A2CE63A00D7F86D /* HomeScreenViewModel.swift in Sources */ = {isa = PBXBuildFile; fileRef = CFC75B2E2A2CE63A00D7F86D /* HomeScreenViewModel.swift */; };
		CFC75B392A2CE63A00D7F86D /* HomeScreenViewController+CollectionView.swift in Sources */ = {isa = PBXBuildFile; fileRef = CFC75B302A2CE63A00D7F86D /* HomeScreenViewController+CollectionView.swift */; };
		CFC75B3A2A2CE63A00D7F86D /* HomeScreen.storyboard in Resources */ = {isa = PBXBuildFile; fileRef = CFC75B312A2CE63A00D7F86D /* HomeScreen.storyboard */; };
		CFC75B3B2A2CE63A00D7F86D /* HomeScreenViewController.swift in Sources */ = {isa = PBXBuildFile; fileRef = CFC75B332A2CE63A00D7F86D /* HomeScreenViewController.swift */; };
		CFC75B3C2A2CE63A00D7F86D /* HomeScreenEnlargedCell.xib in Resources */ = {isa = PBXBuildFile; fileRef = CFC75B362A2CE63A00D7F86D /* HomeScreenEnlargedCell.xib */; };
		CFC75B3D2A2CE63A00D7F86D /* HomeScreenEnlargedCell.swift in Sources */ = {isa = PBXBuildFile; fileRef = CFC75B372A2CE63A00D7F86D /* HomeScreenEnlargedCell.swift */; };
		CFC75B412A2CE9EF00D7F86D /* HomeScreenCellViewModel.swift in Sources */ = {isa = PBXBuildFile; fileRef = CFC75B402A2CE9EF00D7F86D /* HomeScreenCellViewModel.swift */; };
		CFC75B432A2CEBEF00D7F86D /* ConfigurationModel.swift in Sources */ = {isa = PBXBuildFile; fileRef = CFC75B422A2CEBEF00D7F86D /* ConfigurationModel.swift */; };
		CFC75B452A2CFAA800D7F86D /* MainService.swift in Sources */ = {isa = PBXBuildFile; fileRef = CFC75B442A2CFAA800D7F86D /* MainService.swift */; };
		CFC75B492A2D450200D7F86D /* ImageLoader.swift in Sources */ = {isa = PBXBuildFile; fileRef = CFC75B482A2D450200D7F86D /* ImageLoader.swift */; };
		CFC75B552A2E4B8B00D7F86D /* MovieDetailsViewController.swift in Sources */ = {isa = PBXBuildFile; fileRef = CFC75B532A2E4B8B00D7F86D /* MovieDetailsViewController.swift */; };
		CFC75B562A2E4B8B00D7F86D /* MovieDetailsViewController.xib in Resources */ = {isa = PBXBuildFile; fileRef = CFC75B542A2E4B8B00D7F86D /* MovieDetailsViewController.xib */; };
		CFC75B582A2E7E4700D7F86D /* GenreItemView.swift in Sources */ = {isa = PBXBuildFile; fileRef = CFC75B572A2E7E4700D7F86D /* GenreItemView.swift */; };
		CFC75B5C2A2E8CB500D7F86D /* MovieDetailsViewModel.swift in Sources */ = {isa = PBXBuildFile; fileRef = CFC75B5B2A2E8CB500D7F86D /* MovieDetailsViewModel.swift */; };
		CFC75B5E2A2E8CE700D7F86D /* MovieDetailsService.swift in Sources */ = {isa = PBXBuildFile; fileRef = CFC75B5D2A2E8CE700D7F86D /* MovieDetailsService.swift */; };
		CFC75B602A2E8D2900D7F86D /* MovieDetails.swift in Sources */ = {isa = PBXBuildFile; fileRef = CFC75B5F2A2E8D2900D7F86D /* MovieDetails.swift */; };
		CFC75B622A2EA91900D7F86D /* Constants.swift in Sources */ = {isa = PBXBuildFile; fileRef = CFC75B612A2EA91900D7F86D /* Constants.swift */; };
		CFC75B652A2EB4F000D7F86D /* LoadingCell.swift in Sources */ = {isa = PBXBuildFile; fileRef = CFC75B642A2EB4F000D7F86D /* LoadingCell.swift */; };
		E52057429AAB57B72A5E576F /* Pods_MoviesApp.framework in Frameworks */ = {isa = PBXBuildFile; fileRef = ED2F86E962BDB2AD6A859E28 /* Pods_MoviesApp.framework */; };
/* End PBXBuildFile section */

/* Begin PBXContainerItemProxy section */
		CF5CB2642A3086D800ECC21E /* PBXContainerItemProxy */ = {
			isa = PBXContainerItemProxy;
			containerPortal = CFC75AEF2A2CE3D200D7F86D /* Project object */;
			proxyType = 1;
			remoteGlobalIDString = CFC75AF62A2CE3D300D7F86D;
			remoteInfo = MoviesApp;
		};
/* End PBXContainerItemProxy section */

/* Begin PBXFileReference section */
		23586B1FD7FDE236251118E1 /* Pods-MoviesAppTests.release.xcconfig */ = {isa = PBXFileReference; includeInIndex = 1; lastKnownFileType = text.xcconfig; name = "Pods-MoviesAppTests.release.xcconfig"; path = "Target Support Files/Pods-MoviesAppTests/Pods-MoviesAppTests.release.xcconfig"; sourceTree = "<group>"; };
		4FB035A3E740B45A7A926339 /* Pods_MoviesAppTests.framework */ = {isa = PBXFileReference; explicitFileType = wrapper.framework; includeInIndex = 0; path = Pods_MoviesAppTests.framework; sourceTree = BUILT_PRODUCTS_DIR; };
		9C567061233D2C8181A1CD38 /* Pods-MoviesApp.debug.xcconfig */ = {isa = PBXFileReference; includeInIndex = 1; lastKnownFileType = text.xcconfig; name = "Pods-MoviesApp.debug.xcconfig"; path = "Target Support Files/Pods-MoviesApp/Pods-MoviesApp.debug.xcconfig"; sourceTree = "<group>"; };
		C96181047C28FE6501BD0124 /* Pods-MoviesAppTests.debug.xcconfig */ = {isa = PBXFileReference; includeInIndex = 1; lastKnownFileType = text.xcconfig; name = "Pods-MoviesAppTests.debug.xcconfig"; path = "Target Support Files/Pods-MoviesAppTests/Pods-MoviesAppTests.debug.xcconfig"; sourceTree = "<group>"; };
		CF059F182A30BB1D00820CBB /* Error.json */ = {isa = PBXFileReference; lastKnownFileType = text.json; path = Error.json; sourceTree = "<group>"; };
		CF059F1B2A30BB9600820CBB /* HomeScreenViewModelTests.swift */ = {isa = PBXFileReference; lastKnownFileType = sourcecode.swift; path = HomeScreenViewModelTests.swift; sourceTree = "<group>"; };
		CF059F1D2A30BEE400820CBB /* XCTestCase+Stubs.swift */ = {isa = PBXFileReference; lastKnownFileType = sourcecode.swift; path = "XCTestCase+Stubs.swift"; sourceTree = "<group>"; };
		CF3C73C12A2F6F33000EDDD4 /* PosterModel.swift */ = {isa = PBXFileReference; lastKnownFileType = sourcecode.swift; path = PosterModel.swift; sourceTree = "<group>"; };
		CF5CB21E2A2FCEB100ECC21E /* ShimmerView.swift */ = {isa = PBXFileReference; lastKnownFileType = sourcecode.swift; path = ShimmerView.swift; sourceTree = "<group>"; };
		CF5CB2272A2FD0E600ECC21E /* HomeScreenEnlargedShimmerCell.swift */ = {isa = PBXFileReference; lastKnownFileType = sourcecode.swift; path = HomeScreenEnlargedShimmerCell.swift; sourceTree = "<group>"; };
		CF5CB2282A2FD0E600ECC21E /* HomeScreenEnlargedShimmerCell.xib */ = {isa = PBXFileReference; lastKnownFileType = file.xib; path = HomeScreenEnlargedShimmerCell.xib; sourceTree = "<group>"; };
		CF5CB22B2A2FD61200ECC21E /* UIView+FillInParent.swift */ = {isa = PBXFileReference; lastKnownFileType = sourcecode.swift; path = "UIView+FillInParent.swift"; sourceTree = "<group>"; };
		CF5CB22D2A2FE97B00ECC21E /* AppStatus.swift */ = {isa = PBXFileReference; lastKnownFileType = sourcecode.swift; path = AppStatus.swift; sourceTree = "<group>"; };
		CF5CB2302A2FECF300ECC21E /* MovieDetailsShimmerView.swift */ = {isa = PBXFileReference; lastKnownFileType = sourcecode.swift; path = MovieDetailsShimmerView.swift; sourceTree = "<group>"; };
		CF5CB2322A2FED0000ECC21E /* MovieDetailsShimmerView.xib */ = {isa = PBXFileReference; lastKnownFileType = file.xib; path = MovieDetailsShimmerView.xib; sourceTree = "<group>"; };
		CF5CB2352A2FF52000ECC21E /* ErrorView.swift */ = {isa = PBXFileReference; lastKnownFileType = sourcecode.swift; path = ErrorView.swift; sourceTree = "<group>"; };
		CF5CB2372A2FF52E00ECC21E /* ErrorView.xib */ = {isa = PBXFileReference; lastKnownFileType = file.xib; path = ErrorView.xib; sourceTree = "<group>"; };
		CF5CB23A2A2FFAE000ECC21E /* HomeScreenErrorCell.swift */ = {isa = PBXFileReference; lastKnownFileType = sourcecode.swift; path = HomeScreenErrorCell.swift; sourceTree = "<group>"; };
		CF5CB23B2A2FFAE000ECC21E /* HomeScreenErrorCell.xib */ = {isa = PBXFileReference; lastKnownFileType = file.xib; path = HomeScreenErrorCell.xib; sourceTree = "<group>"; };
		CF5CB2602A3086D800ECC21E /* MoviesAppTests.xctest */ = {isa = PBXFileReference; explicitFileType = wrapper.cfbundle; includeInIndex = 0; path = MoviesAppTests.xctest; sourceTree = BUILT_PRODUCTS_DIR; };
		CF5CB2692A30870000ECC21E /* HomeScreenViewControllerTests.swift */ = {isa = PBXFileReference; lastKnownFileType = sourcecode.swift; path = HomeScreenViewControllerTests.swift; sourceTree = "<group>"; };
		CF5CB26C2A30A6DF00ECC21E /* Bundle+UnitTests.swift */ = {isa = PBXFileReference; lastKnownFileType = sourcecode.swift; path = "Bundle+UnitTests.swift"; sourceTree = "<group>"; };
		CF5CB2712A30A8D000ECC21E /* Success.json */ = {isa = PBXFileReference; lastKnownFileType = text.json; path = Success.json; sourceTree = "<group>"; };
		CFC75AF72A2CE3D300D7F86D /* MoviesApp.app */ = {isa = PBXFileReference; explicitFileType = wrapper.application; includeInIndex = 0; path = MoviesApp.app; sourceTree = BUILT_PRODUCTS_DIR; };
		CFC75AFA2A2CE3D300D7F86D /* AppDelegate.swift */ = {isa = PBXFileReference; lastKnownFileType = sourcecode.swift; path = AppDelegate.swift; sourceTree = "<group>"; };
		CFC75AFC2A2CE3D300D7F86D /* SceneDelegate.swift */ = {isa = PBXFileReference; lastKnownFileType = sourcecode.swift; path = SceneDelegate.swift; sourceTree = "<group>"; };
		CFC75B032A2CE3D500D7F86D /* Assets.xcassets */ = {isa = PBXFileReference; lastKnownFileType = folder.assetcatalog; path = Assets.xcassets; sourceTree = "<group>"; };
		CFC75B062A2CE3D500D7F86D /* Base */ = {isa = PBXFileReference; lastKnownFileType = file.storyboard; name = Base; path = Base.lproj/LaunchScreen.storyboard; sourceTree = "<group>"; };
		CFC75B082A2CE3D500D7F86D /* Info.plist */ = {isa = PBXFileReference; lastKnownFileType = text.plist.xml; path = Info.plist; sourceTree = "<group>"; };
		CFC75B112A2CE46700D7F86D /* MoviesResponse.swift */ = {isa = PBXFileReference; fileEncoding = 4; lastKnownFileType = sourcecode.swift; path = MoviesResponse.swift; sourceTree = "<group>"; };
		CFC75B142A2CE48D00D7F86D /* AppError.swift */ = {isa = PBXFileReference; fileEncoding = 4; lastKnownFileType = sourcecode.swift; path = AppError.swift; sourceTree = "<group>"; };
		CFC75B1B2A2CE49A00D7F86D /* MoviesTarget.swift */ = {isa = PBXFileReference; fileEncoding = 4; lastKnownFileType = sourcecode.swift; path = MoviesTarget.swift; sourceTree = "<group>"; };
		CFC75B1D2A2CE49A00D7F86D /* HomeScreenService.swift */ = {isa = PBXFileReference; fileEncoding = 4; lastKnownFileType = sourcecode.swift; path = HomeScreenService.swift; sourceTree = "<group>"; };
		CFC75B202A2CE62300D7F86D /* NibLoadableView.swift */ = {isa = PBXFileReference; fileEncoding = 4; lastKnownFileType = sourcecode.swift; path = NibLoadableView.swift; sourceTree = "<group>"; };
		CFC75B212A2CE62300D7F86D /* ReusableView.swift */ = {isa = PBXFileReference; fileEncoding = 4; lastKnownFileType = sourcecode.swift; path = ReusableView.swift; sourceTree = "<group>"; };
		CFC75B252A2CE63100D7F86D /* UICollectionViewCell+ReusableView.swift */ = {isa = PBXFileReference; fileEncoding = 4; lastKnownFileType = sourcecode.swift; path = "UICollectionViewCell+ReusableView.swift"; sourceTree = "<group>"; };
		CFC75B262A2CE63100D7F86D /* Collection+SafeAccess.swift */ = {isa = PBXFileReference; fileEncoding = 4; lastKnownFileType = sourcecode.swift; path = "Collection+SafeAccess.swift"; sourceTree = "<group>"; };
		CFC75B272A2CE63100D7F86D /* UICollectionView+Registeration.swift */ = {isa = PBXFileReference; fileEncoding = 4; lastKnownFileType = sourcecode.swift; path = "UICollectionView+Registeration.swift"; sourceTree = "<group>"; };
		CFC75B2E2A2CE63A00D7F86D /* HomeScreenViewModel.swift */ = {isa = PBXFileReference; fileEncoding = 4; lastKnownFileType = sourcecode.swift; path = HomeScreenViewModel.swift; sourceTree = "<group>"; };
		CFC75B302A2CE63A00D7F86D /* HomeScreenViewController+CollectionView.swift */ = {isa = PBXFileReference; fileEncoding = 4; lastKnownFileType = sourcecode.swift; path = "HomeScreenViewController+CollectionView.swift"; sourceTree = "<group>"; };
		CFC75B322A2CE63A00D7F86D /* Base */ = {isa = PBXFileReference; lastKnownFileType = file.storyboard; name = Base; path = Base.lproj/HomeScreen.storyboard; sourceTree = "<group>"; };
		CFC75B332A2CE63A00D7F86D /* HomeScreenViewController.swift */ = {isa = PBXFileReference; fileEncoding = 4; lastKnownFileType = sourcecode.swift; path = HomeScreenViewController.swift; sourceTree = "<group>"; };
		CFC75B362A2CE63A00D7F86D /* HomeScreenEnlargedCell.xib */ = {isa = PBXFileReference; fileEncoding = 4; lastKnownFileType = file.xib; path = HomeScreenEnlargedCell.xib; sourceTree = "<group>"; };
		CFC75B372A2CE63A00D7F86D /* HomeScreenEnlargedCell.swift */ = {isa = PBXFileReference; fileEncoding = 4; lastKnownFileType = sourcecode.swift; path = HomeScreenEnlargedCell.swift; sourceTree = "<group>"; };
		CFC75B402A2CE9EF00D7F86D /* HomeScreenCellViewModel.swift */ = {isa = PBXFileReference; lastKnownFileType = sourcecode.swift; path = HomeScreenCellViewModel.swift; sourceTree = "<group>"; };
		CFC75B422A2CEBEF00D7F86D /* ConfigurationModel.swift */ = {isa = PBXFileReference; lastKnownFileType = sourcecode.swift; path = ConfigurationModel.swift; sourceTree = "<group>"; };
		CFC75B442A2CFAA800D7F86D /* MainService.swift */ = {isa = PBXFileReference; lastKnownFileType = sourcecode.swift; path = MainService.swift; sourceTree = "<group>"; };
		CFC75B482A2D450200D7F86D /* ImageLoader.swift */ = {isa = PBXFileReference; lastKnownFileType = sourcecode.swift; path = ImageLoader.swift; sourceTree = "<group>"; };
		CFC75B532A2E4B8B00D7F86D /* MovieDetailsViewController.swift */ = {isa = PBXFileReference; lastKnownFileType = sourcecode.swift; path = MovieDetailsViewController.swift; sourceTree = "<group>"; };
		CFC75B542A2E4B8B00D7F86D /* MovieDetailsViewController.xib */ = {isa = PBXFileReference; lastKnownFileType = file.xib; path = MovieDetailsViewController.xib; sourceTree = "<group>"; };
		CFC75B572A2E7E4700D7F86D /* GenreItemView.swift */ = {isa = PBXFileReference; lastKnownFileType = sourcecode.swift; path = GenreItemView.swift; sourceTree = "<group>"; };
		CFC75B5B2A2E8CB500D7F86D /* MovieDetailsViewModel.swift */ = {isa = PBXFileReference; lastKnownFileType = sourcecode.swift; path = MovieDetailsViewModel.swift; sourceTree = "<group>"; };
		CFC75B5D2A2E8CE700D7F86D /* MovieDetailsService.swift */ = {isa = PBXFileReference; lastKnownFileType = sourcecode.swift; path = MovieDetailsService.swift; sourceTree = "<group>"; };
		CFC75B5F2A2E8D2900D7F86D /* MovieDetails.swift */ = {isa = PBXFileReference; lastKnownFileType = sourcecode.swift; path = MovieDetails.swift; sourceTree = "<group>"; };
		CFC75B612A2EA91900D7F86D /* Constants.swift */ = {isa = PBXFileReference; lastKnownFileType = sourcecode.swift; path = Constants.swift; sourceTree = "<group>"; };
		CFC75B642A2EB4F000D7F86D /* LoadingCell.swift */ = {isa = PBXFileReference; lastKnownFileType = sourcecode.swift; path = LoadingCell.swift; sourceTree = "<group>"; };
		ED2F86E962BDB2AD6A859E28 /* Pods_MoviesApp.framework */ = {isa = PBXFileReference; explicitFileType = wrapper.framework; includeInIndex = 0; path = Pods_MoviesApp.framework; sourceTree = BUILT_PRODUCTS_DIR; };
		EED9C07B18992EE2C35A1327 /* Pods-MoviesApp.release.xcconfig */ = {isa = PBXFileReference; includeInIndex = 1; lastKnownFileType = text.xcconfig; name = "Pods-MoviesApp.release.xcconfig"; path = "Target Support Files/Pods-MoviesApp/Pods-MoviesApp.release.xcconfig"; sourceTree = "<group>"; };
/* End PBXFileReference section */

/* Begin PBXFrameworksBuildPhase section */
		CF5CB25D2A3086D800ECC21E /* Frameworks */ = {
			isa = PBXFrameworksBuildPhase;
			buildActionMask = 2147483647;
			files = (
				6FAA736C308B5AA3738DCF65 /* Pods_MoviesAppTests.framework in Frameworks */,
			);
			runOnlyForDeploymentPostprocessing = 0;
		};
		CFC75AF42A2CE3D300D7F86D /* Frameworks */ = {
			isa = PBXFrameworksBuildPhase;
			buildActionMask = 2147483647;
			files = (
				E52057429AAB57B72A5E576F /* Pods_MoviesApp.framework in Frameworks */,
			);
			runOnlyForDeploymentPostprocessing = 0;
		};
/* End PBXFrameworksBuildPhase section */

/* Begin PBXGroup section */
		229B56D4855D74428BEC3E4D /* Frameworks */ = {
			isa = PBXGroup;
			children = (
				ED2F86E962BDB2AD6A859E28 /* Pods_MoviesApp.framework */,
				4FB035A3E740B45A7A926339 /* Pods_MoviesAppTests.framework */,
			);
			name = Frameworks;
			sourceTree = "<group>";
		};
		23A84DB4A97EA8331542D29E /* Pods */ = {
			isa = PBXGroup;
			children = (
				9C567061233D2C8181A1CD38 /* Pods-MoviesApp.debug.xcconfig */,
				EED9C07B18992EE2C35A1327 /* Pods-MoviesApp.release.xcconfig */,
				C96181047C28FE6501BD0124 /* Pods-MoviesAppTests.debug.xcconfig */,
				23586B1FD7FDE236251118E1 /* Pods-MoviesAppTests.release.xcconfig */,
			);
			path = Pods;
			sourceTree = "<group>";
		};
		CF059F1A2A30BB8000820CBB /* Home */ = {
			isa = PBXGroup;
			children = (
				CF5CB2692A30870000ECC21E /* HomeScreenViewControllerTests.swift */,
				CF059F1B2A30BB9600820CBB /* HomeScreenViewModelTests.swift */,
			);
			path = Home;
			sourceTree = "<group>";
		};
		CF5CB21D2A2FCE9D00ECC21E /* Shimmer */ = {
			isa = PBXGroup;
			children = (
				CF5CB21E2A2FCEB100ECC21E /* ShimmerView.swift */,
			);
			path = Shimmer;
			sourceTree = "<group>";
		};
		CF5CB2202A2FCFC600ECC21E /* Shimmer */ = {
			isa = PBXGroup;
			children = (
				CF5CB2272A2FD0E600ECC21E /* HomeScreenEnlargedShimmerCell.swift */,
				CF5CB2282A2FD0E600ECC21E /* HomeScreenEnlargedShimmerCell.xib */,
			);
			path = Shimmer;
			sourceTree = "<group>";
		};
		CF5CB22F2A2FEC9800ECC21E /* Shimmer */ = {
			isa = PBXGroup;
			children = (
				CF5CB2302A2FECF300ECC21E /* MovieDetailsShimmerView.swift */,
				CF5CB2322A2FED0000ECC21E /* MovieDetailsShimmerView.xib */,
			);
			path = Shimmer;
			sourceTree = "<group>";
		};
		CF5CB2342A2FF50200ECC21E /* Error */ = {
			isa = PBXGroup;
			children = (
				CF5CB2352A2FF52000ECC21E /* ErrorView.swift */,
				CF5CB2372A2FF52E00ECC21E /* ErrorView.xib */,
			);
			path = Error;
			sourceTree = "<group>";
		};
		CF5CB2392A2FFAC200ECC21E /* Error */ = {
			isa = PBXGroup;
			children = (
				CF5CB23A2A2FFAE000ECC21E /* HomeScreenErrorCell.swift */,
				CF5CB23B2A2FFAE000ECC21E /* HomeScreenErrorCell.xib */,
			);
			path = Error;
			sourceTree = "<group>";
		};
		CF5CB2612A3086D800ECC21E /* MoviesAppTests */ = {
			isa = PBXGroup;
			children = (
				CF059F1A2A30BB8000820CBB /* Home */,
				CF5CB26E2A30A8B000ECC21E /* Stubs */,
				CF5CB26B2A30A6B300ECC21E /* Extensions */,
			);
			path = MoviesAppTests;
			sourceTree = "<group>";
		};
		CF5CB26B2A30A6B300ECC21E /* Extensions */ = {
			isa = PBXGroup;
			children = (
				CF5CB26C2A30A6DF00ECC21E /* Bundle+UnitTests.swift */,
				CF059F1D2A30BEE400820CBB /* XCTestCase+Stubs.swift */,
			);
			path = Extensions;
			sourceTree = "<group>";
		};
		CF5CB26E2A30A8B000ECC21E /* Stubs */ = {
			isa = PBXGroup;
			children = (
				CF5CB2712A30A8D000ECC21E /* Success.json */,
				CF059F182A30BB1D00820CBB /* Error.json */,
			);
			path = Stubs;
			sourceTree = "<group>";
		};
		CFC75AEE2A2CE3D200D7F86D = {
			isa = PBXGroup;
			children = (
				CFC75AF92A2CE3D300D7F86D /* MoviesApp */,
				CF5CB2612A3086D800ECC21E /* MoviesAppTests */,
				CFC75AF82A2CE3D300D7F86D /* Products */,
				23A84DB4A97EA8331542D29E /* Pods */,
				229B56D4855D74428BEC3E4D /* Frameworks */,
			);
			sourceTree = "<group>";
		};
		CFC75AF82A2CE3D300D7F86D /* Products */ = {
			isa = PBXGroup;
			children = (
				CFC75AF72A2CE3D300D7F86D /* MoviesApp.app */,
				CF5CB2602A3086D800ECC21E /* MoviesAppTests.xctest */,
			);
			name = Products;
			sourceTree = "<group>";
		};
		CFC75AF92A2CE3D300D7F86D /* MoviesApp */ = {
			isa = PBXGroup;
			children = (
				CFC75AFA2A2CE3D300D7F86D /* AppDelegate.swift */,
				CFC75AFC2A2CE3D300D7F86D /* SceneDelegate.swift */,
				CFC75B2B2A2CE63A00D7F86D /* Screens */,
				CFC75B102A2CE46700D7F86D /* Models */,
				CFC75B132A2CE48D00D7F86D /* Utils */,
				CFC75B1A2A2CE49A00D7F86D /* Network */,
				CFC75B242A2CE63100D7F86D /* Extensions */,
				CFC75B032A2CE3D500D7F86D /* Assets.xcassets */,
				CFC75B052A2CE3D500D7F86D /* LaunchScreen.storyboard */,
				CFC75B082A2CE3D500D7F86D /* Info.plist */,
			);
			path = MoviesApp;
			sourceTree = "<group>";
		};
		CFC75B102A2CE46700D7F86D /* Models */ = {
			isa = PBXGroup;
			children = (
				CFC75B112A2CE46700D7F86D /* MoviesResponse.swift */,
				CFC75B422A2CEBEF00D7F86D /* ConfigurationModel.swift */,
				CFC75B5F2A2E8D2900D7F86D /* MovieDetails.swift */,
				CF3C73C12A2F6F33000EDDD4 /* PosterModel.swift */,
			);
			path = Models;
			sourceTree = "<group>";
		};
		CFC75B132A2CE48D00D7F86D /* Utils */ = {
			isa = PBXGroup;
			children = (
				CFC75B142A2CE48D00D7F86D /* AppError.swift */,
				CF5CB22D2A2FE97B00ECC21E /* AppStatus.swift */,
				CFC75B202A2CE62300D7F86D /* NibLoadableView.swift */,
				CFC75B212A2CE62300D7F86D /* ReusableView.swift */,
				CFC75B482A2D450200D7F86D /* ImageLoader.swift */,
				CFC75B612A2EA91900D7F86D /* Constants.swift */,
			);
			path = Utils;
			sourceTree = "<group>";
		};
		CFC75B1A2A2CE49A00D7F86D /* Network */ = {
			isa = PBXGroup;
			children = (
				CFC75B1B2A2CE49A00D7F86D /* MoviesTarget.swift */,
				CFC75B1C2A2CE49A00D7F86D /* Services */,
			);
			path = Network;
			sourceTree = "<group>";
		};
		CFC75B1C2A2CE49A00D7F86D /* Services */ = {
			isa = PBXGroup;
			children = (
				CFC75B442A2CFAA800D7F86D /* MainService.swift */,
				CFC75B1D2A2CE49A00D7F86D /* HomeScreenService.swift */,
				CFC75B5D2A2E8CE700D7F86D /* MovieDetailsService.swift */,
			);
			path = Services;
			sourceTree = "<group>";
		};
		CFC75B242A2CE63100D7F86D /* Extensions */ = {
			isa = PBXGroup;
			children = (
				CFC75B252A2CE63100D7F86D /* UICollectionViewCell+ReusableView.swift */,
				CFC75B262A2CE63100D7F86D /* Collection+SafeAccess.swift */,
				CFC75B272A2CE63100D7F86D /* UICollectionView+Registeration.swift */,
				CF5CB22B2A2FD61200ECC21E /* UIView+FillInParent.swift */,
			);
			path = Extensions;
			sourceTree = "<group>";
		};
		CFC75B2B2A2CE63A00D7F86D /* Screens */ = {
			isa = PBXGroup;
			children = (
				CF5CB2342A2FF50200ECC21E /* Error */,
				CF5CB21D2A2FCE9D00ECC21E /* Shimmer */,
				CFC75B2C2A2CE63A00D7F86D /* Home */,
				CFC75B4A2A2E3DF600D7F86D /* MovieDetails */,
				CFC75B342A2CE63A00D7F86D /* Cells */,
			);
			path = Screens;
			sourceTree = "<group>";
		};
		CFC75B2C2A2CE63A00D7F86D /* Home */ = {
			isa = PBXGroup;
			children = (
				CFC75B2D2A2CE63A00D7F86D /* ViewModel */,
				CFC75B2F2A2CE63A00D7F86D /* View */,
			);
			path = Home;
			sourceTree = "<group>";
		};
		CFC75B2D2A2CE63A00D7F86D /* ViewModel */ = {
			isa = PBXGroup;
			children = (
				CFC75B2E2A2CE63A00D7F86D /* HomeScreenViewModel.swift */,
			);
			path = ViewModel;
			sourceTree = "<group>";
		};
		CFC75B2F2A2CE63A00D7F86D /* View */ = {
			isa = PBXGroup;
			children = (
				CFC75B332A2CE63A00D7F86D /* HomeScreenViewController.swift */,
				CFC75B302A2CE63A00D7F86D /* HomeScreenViewController+CollectionView.swift */,
				CFC75B312A2CE63A00D7F86D /* HomeScreen.storyboard */,
			);
			path = View;
			sourceTree = "<group>";
		};
		CFC75B342A2CE63A00D7F86D /* Cells */ = {
			isa = PBXGroup;
			children = (
				CFC75B632A2EB4E300D7F86D /* Loading */,
				CFC75B3F2A2CE9CF00D7F86D /* Home */,
			);
			path = Cells;
			sourceTree = "<group>";
		};
		CFC75B352A2CE63A00D7F86D /* View */ = {
			isa = PBXGroup;
			children = (
				CFC75B362A2CE63A00D7F86D /* HomeScreenEnlargedCell.xib */,
				CFC75B372A2CE63A00D7F86D /* HomeScreenEnlargedCell.swift */,
			);
			path = View;
			sourceTree = "<group>";
		};
		CFC75B3E2A2CE9A100D7F86D /* ViewModel */ = {
			isa = PBXGroup;
			children = (
				CFC75B402A2CE9EF00D7F86D /* HomeScreenCellViewModel.swift */,
			);
			path = ViewModel;
			sourceTree = "<group>";
		};
		CFC75B3F2A2CE9CF00D7F86D /* Home */ = {
			isa = PBXGroup;
			children = (
				CF5CB2392A2FFAC200ECC21E /* Error */,
				CF5CB2202A2FCFC600ECC21E /* Shimmer */,
				CFC75B352A2CE63A00D7F86D /* View */,
				CFC75B3E2A2CE9A100D7F86D /* ViewModel */,
			);
			path = Home;
			sourceTree = "<group>";
		};
		CFC75B4A2A2E3DF600D7F86D /* MovieDetails */ = {
			isa = PBXGroup;
			children = (
				CF5CB22F2A2FEC9800ECC21E /* Shimmer */,
				CFC75B592A2E8C9800D7F86D /* Views */,
				CFC75B5A2A2E8CA300D7F86D /* ViewModel */,
			);
			path = MovieDetails;
			sourceTree = "<group>";
		};
		CFC75B592A2E8C9800D7F86D /* Views */ = {
			isa = PBXGroup;
			children = (
				CFC75B532A2E4B8B00D7F86D /* MovieDetailsViewController.swift */,
				CFC75B542A2E4B8B00D7F86D /* MovieDetailsViewController.xib */,
				CFC75B572A2E7E4700D7F86D /* GenreItemView.swift */,
			);
			path = Views;
			sourceTree = "<group>";
		};
		CFC75B5A2A2E8CA300D7F86D /* ViewModel */ = {
			isa = PBXGroup;
			children = (
				CFC75B5B2A2E8CB500D7F86D /* MovieDetailsViewModel.swift */,
			);
			path = ViewModel;
			sourceTree = "<group>";
		};
		CFC75B632A2EB4E300D7F86D /* Loading */ = {
			isa = PBXGroup;
			children = (
				CFC75B642A2EB4F000D7F86D /* LoadingCell.swift */,
			);
			path = Loading;
			sourceTree = "<group>";
		};
/* End PBXGroup section */

/* Begin PBXNativeTarget section */
		CF5CB25F2A3086D800ECC21E /* MoviesAppTests */ = {
			isa = PBXNativeTarget;
			buildConfigurationList = CF5CB2682A3086D800ECC21E /* Build configuration list for PBXNativeTarget "MoviesAppTests" */;
			buildPhases = (
				3798D34D4F7D09A5AF93303E /* [CP] Check Pods Manifest.lock */,
				CF5CB25C2A3086D800ECC21E /* Sources */,
				CF5CB25D2A3086D800ECC21E /* Frameworks */,
				CF5CB25E2A3086D800ECC21E /* Resources */,
				15765F37BCDB803A2039A8D1 /* [CP] Embed Pods Frameworks */,
			);
			buildRules = (
			);
			dependencies = (
				CF5CB2652A3086D800ECC21E /* PBXTargetDependency */,
			);
			name = MoviesAppTests;
			productName = MoviesAppTests;
			productReference = CF5CB2602A3086D800ECC21E /* MoviesAppTests.xctest */;
			productType = "com.apple.product-type.bundle.unit-test";
		};
		CFC75AF62A2CE3D300D7F86D /* MoviesApp */ = {
			isa = PBXNativeTarget;
			buildConfigurationList = CFC75B0B2A2CE3D500D7F86D /* Build configuration list for PBXNativeTarget "MoviesApp" */;
			buildPhases = (
				61E96F71372F5010D30E53F1 /* [CP] Check Pods Manifest.lock */,
				CFC75AF32A2CE3D300D7F86D /* Sources */,
				CFC75AF42A2CE3D300D7F86D /* Frameworks */,
				CFC75AF52A2CE3D300D7F86D /* Resources */,
				3F9C51ABA6CCE7DB298C9B6D /* [CP] Embed Pods Frameworks */,
			);
			buildRules = (
			);
			dependencies = (
			);
			name = MoviesApp;
			productName = MoviesApp;
			productReference = CFC75AF72A2CE3D300D7F86D /* MoviesApp.app */;
			productType = "com.apple.product-type.application";
		};
/* End PBXNativeTarget section */

/* Begin PBXProject section */
		CFC75AEF2A2CE3D200D7F86D /* Project object */ = {
			isa = PBXProject;
			attributes = {
				BuildIndependentTargetsInParallel = 1;
				LastSwiftUpdateCheck = 1430;
				LastUpgradeCheck = 1430;
				TargetAttributes = {
					CF5CB25F2A3086D800ECC21E = {
						CreatedOnToolsVersion = 14.3;
						TestTargetID = CFC75AF62A2CE3D300D7F86D;
					};
					CFC75AF62A2CE3D300D7F86D = {
						CreatedOnToolsVersion = 14.3;
					};
				};
			};
			buildConfigurationList = CFC75AF22A2CE3D200D7F86D /* Build configuration list for PBXProject "MoviesApp" */;
			compatibilityVersion = "Xcode 14.0";
			developmentRegion = en;
			hasScannedForEncodings = 0;
			knownRegions = (
				en,
				Base,
			);
			mainGroup = CFC75AEE2A2CE3D200D7F86D;
			productRefGroup = CFC75AF82A2CE3D300D7F86D /* Products */;
			projectDirPath = "";
			projectRoot = "";
			targets = (
				CFC75AF62A2CE3D300D7F86D /* MoviesApp */,
				CF5CB25F2A3086D800ECC21E /* MoviesAppTests */,
			);
		};
/* End PBXProject section */

/* Begin PBXResourcesBuildPhase section */
		CF5CB25E2A3086D800ECC21E /* Resources */ = {
			isa = PBXResourcesBuildPhase;
			buildActionMask = 2147483647;
			files = (
				CF059F192A30BB1D00820CBB /* Error.json in Resources */,
				CF5CB2722A30A8D000ECC21E /* Success.json in Resources */,
			);
			runOnlyForDeploymentPostprocessing = 0;
		};
		CFC75AF52A2CE3D300D7F86D /* Resources */ = {
			isa = PBXResourcesBuildPhase;
			buildActionMask = 2147483647;
			files = (
				CFC75B072A2CE3D500D7F86D /* LaunchScreen.storyboard in Resources */,
				CFC75B3C2A2CE63A00D7F86D /* HomeScreenEnlargedCell.xib in Resources */,
				CF5CB23D2A2FFAE000ECC21E /* HomeScreenErrorCell.xib in Resources */,
				CF5CB2332A2FED0000ECC21E /* MovieDetailsShimmerView.xib in Resources */,
				CF5CB2382A2FF52E00ECC21E /* ErrorView.xib in Resources */,
				CFC75B3A2A2CE63A00D7F86D /* HomeScreen.storyboard in Resources */,
				CFC75B042A2CE3D500D7F86D /* Assets.xcassets in Resources */,
				CF5CB22A2A2FD0E600ECC21E /* HomeScreenEnlargedShimmerCell.xib in Resources */,
				CFC75B562A2E4B8B00D7F86D /* MovieDetailsViewController.xib in Resources */,
			);
			runOnlyForDeploymentPostprocessing = 0;
		};
/* End PBXResourcesBuildPhase section */

/* Begin PBXShellScriptBuildPhase section */
		15765F37BCDB803A2039A8D1 /* [CP] Embed Pods Frameworks */ = {
			isa = PBXShellScriptBuildPhase;
			buildActionMask = 2147483647;
			files = (
			);
			inputFileListPaths = (
				"${PODS_ROOT}/Target Support Files/Pods-MoviesAppTests/Pods-MoviesAppTests-frameworks-${CONFIGURATION}-input-files.xcfilelist",
			);
			name = "[CP] Embed Pods Frameworks";
			outputFileListPaths = (
				"${PODS_ROOT}/Target Support Files/Pods-MoviesAppTests/Pods-MoviesAppTests-frameworks-${CONFIGURATION}-output-files.xcfilelist",
			);
			runOnlyForDeploymentPostprocessing = 0;
			shellPath = /bin/sh;
			shellScript = "\"${PODS_ROOT}/Target Support Files/Pods-MoviesAppTests/Pods-MoviesAppTests-frameworks.sh\"\n";
			showEnvVarsInLog = 0;
		};
		3798D34D4F7D09A5AF93303E /* [CP] Check Pods Manifest.lock */ = {
			isa = PBXShellScriptBuildPhase;
			buildActionMask = 2147483647;
			files = (
			);
			inputFileListPaths = (
			);
			inputPaths = (
				"${PODS_PODFILE_DIR_PATH}/Podfile.lock",
				"${PODS_ROOT}/Manifest.lock",
			);
			name = "[CP] Check Pods Manifest.lock";
			outputFileListPaths = (
			);
			outputPaths = (
				"$(DERIVED_FILE_DIR)/Pods-MoviesAppTests-checkManifestLockResult.txt",
			);
			runOnlyForDeploymentPostprocessing = 0;
			shellPath = /bin/sh;
			shellScript = "diff \"${PODS_PODFILE_DIR_PATH}/Podfile.lock\" \"${PODS_ROOT}/Manifest.lock\" > /dev/null\nif [ $? != 0 ] ; then\n    # print error to STDERR\n    echo \"error: The sandbox is not in sync with the Podfile.lock. Run 'pod install' or update your CocoaPods installation.\" >&2\n    exit 1\nfi\n# This output is used by Xcode 'outputs' to avoid re-running this script phase.\necho \"SUCCESS\" > \"${SCRIPT_OUTPUT_FILE_0}\"\n";
			showEnvVarsInLog = 0;
		};
		3F9C51ABA6CCE7DB298C9B6D /* [CP] Embed Pods Frameworks */ = {
			isa = PBXShellScriptBuildPhase;
			buildActionMask = 2147483647;
			files = (
			);
			inputFileListPaths = (
				"${PODS_ROOT}/Target Support Files/Pods-MoviesApp/Pods-MoviesApp-frameworks-${CONFIGURATION}-input-files.xcfilelist",
			);
			name = "[CP] Embed Pods Frameworks";
			outputFileListPaths = (
				"${PODS_ROOT}/Target Support Files/Pods-MoviesApp/Pods-MoviesApp-frameworks-${CONFIGURATION}-output-files.xcfilelist",
			);
			runOnlyForDeploymentPostprocessing = 0;
			shellPath = /bin/sh;
			shellScript = "\"${PODS_ROOT}/Target Support Files/Pods-MoviesApp/Pods-MoviesApp-frameworks.sh\"\n";
			showEnvVarsInLog = 0;
		};
		61E96F71372F5010D30E53F1 /* [CP] Check Pods Manifest.lock */ = {
			isa = PBXShellScriptBuildPhase;
			buildActionMask = 2147483647;
			files = (
			);
			inputFileListPaths = (
			);
			inputPaths = (
				"${PODS_PODFILE_DIR_PATH}/Podfile.lock",
				"${PODS_ROOT}/Manifest.lock",
			);
			name = "[CP] Check Pods Manifest.lock";
			outputFileListPaths = (
			);
			outputPaths = (
				"$(DERIVED_FILE_DIR)/Pods-MoviesApp-checkManifestLockResult.txt",
			);
			runOnlyForDeploymentPostprocessing = 0;
			shellPath = /bin/sh;
			shellScript = "diff \"${PODS_PODFILE_DIR_PATH}/Podfile.lock\" \"${PODS_ROOT}/Manifest.lock\" > /dev/null\nif [ $? != 0 ] ; then\n    # print error to STDERR\n    echo \"error: The sandbox is not in sync with the Podfile.lock. Run 'pod install' or update your CocoaPods installation.\" >&2\n    exit 1\nfi\n# This output is used by Xcode 'outputs' to avoid re-running this script phase.\necho \"SUCCESS\" > \"${SCRIPT_OUTPUT_FILE_0}\"\n";
			showEnvVarsInLog = 0;
		};
/* End PBXShellScriptBuildPhase section */

/* Begin PBXSourcesBuildPhase section */
		CF5CB25C2A3086D800ECC21E /* Sources */ = {
			isa = PBXSourcesBuildPhase;
			buildActionMask = 2147483647;
			files = (
				CF059F1E2A30BEE400820CBB /* XCTestCase+Stubs.swift in Sources */,
				CF059F1C2A30BB9600820CBB /* HomeScreenViewModelTests.swift in Sources */,
				CF5CB26A2A30870000ECC21E /* HomeScreenViewControllerTests.swift in Sources */,
				CF5CB26D2A30A6DF00ECC21E /* Bundle+UnitTests.swift in Sources */,
			);
			runOnlyForDeploymentPostprocessing = 0;
		};
		CFC75AF32A2CE3D300D7F86D /* Sources */ = {
			isa = PBXSourcesBuildPhase;
			buildActionMask = 2147483647;
			files = (
				CFC75B622A2EA91900D7F86D /* Constants.swift in Sources */,
				CFC75B552A2E4B8B00D7F86D /* MovieDetailsViewController.swift in Sources */,
				CFC75B232A2CE62300D7F86D /* ReusableView.swift in Sources */,
				CFC75B582A2E7E4700D7F86D /* GenreItemView.swift in Sources */,
				CFC75B222A2CE62300D7F86D /* NibLoadableView.swift in Sources */,
				CFC75B3D2A2CE63A00D7F86D /* HomeScreenEnlargedCell.swift in Sources */,
				CFC75B122A2CE46700D7F86D /* MoviesResponse.swift in Sources */,
				CFC75B172A2CE48D00D7F86D /* AppError.swift in Sources */,
				CFC75B1E2A2CE49A00D7F86D /* MoviesTarget.swift in Sources */,
				CF5CB22E2A2FE97B00ECC21E /* AppStatus.swift in Sources */,
				CF5CB2362A2FF52000ECC21E /* ErrorView.swift in Sources */,
				CFC75B1F2A2CE49A00D7F86D /* HomeScreenService.swift in Sources */,
				CFC75AFB2A2CE3D300D7F86D /* AppDelegate.swift in Sources */,
				CFC75B282A2CE63100D7F86D /* UICollectionViewCell+ReusableView.swift in Sources */,
				CFC75B602A2E8D2900D7F86D /* MovieDetails.swift in Sources */,
				CF5CB2312A2FECF300ECC21E /* MovieDetailsShimmerView.swift in Sources */,
				CFC75B492A2D450200D7F86D /* ImageLoader.swift in Sources */,
				CFC75B382A2CE63A00D7F86D /* HomeScreenViewModel.swift in Sources */,
				CFC75B432A2CEBEF00D7F86D /* ConfigurationModel.swift in Sources */,
				CF5CB22C2A2FD61200ECC21E /* UIView+FillInParent.swift in Sources */,
				CF5CB2292A2FD0E600ECC21E /* HomeScreenEnlargedShimmerCell.swift in Sources */,
				CFC75B392A2CE63A00D7F86D /* HomeScreenViewController+CollectionView.swift in Sources */,
				CFC75B292A2CE63100D7F86D /* Collection+SafeAccess.swift in Sources */,
				CFC75B5C2A2E8CB500D7F86D /* MovieDetailsViewModel.swift in Sources */,
				CFC75AFD2A2CE3D300D7F86D /* SceneDelegate.swift in Sources */,
				CF5CB23C2A2FFAE000ECC21E /* HomeScreenErrorCell.swift in Sources */,
				CF3C73C22A2F6F33000EDDD4 /* PosterModel.swift in Sources */,
				CFC75B652A2EB4F000D7F86D /* LoadingCell.swift in Sources */,
				CFC75B452A2CFAA800D7F86D /* MainService.swift in Sources */,
				CFC75B412A2CE9EF00D7F86D /* HomeScreenCellViewModel.swift in Sources */,
				CF5CB21F2A2FCEB100ECC21E /* ShimmerView.swift in Sources */,
				CFC75B2A2A2CE63100D7F86D /* UICollectionView+Registeration.swift in Sources */,
				CFC75B5E2A2E8CE700D7F86D /* MovieDetailsService.swift in Sources */,
				CFC75B3B2A2CE63A00D7F86D /* HomeScreenViewController.swift in Sources */,
			);
			runOnlyForDeploymentPostprocessing = 0;
		};
/* End PBXSourcesBuildPhase section */

/* Begin PBXTargetDependency section */
		CF5CB2652A3086D800ECC21E /* PBXTargetDependency */ = {
			isa = PBXTargetDependency;
			target = CFC75AF62A2CE3D300D7F86D /* MoviesApp */;
			targetProxy = CF5CB2642A3086D800ECC21E /* PBXContainerItemProxy */;
		};
/* End PBXTargetDependency section */

/* Begin PBXVariantGroup section */
		CFC75B052A2CE3D500D7F86D /* LaunchScreen.storyboard */ = {
			isa = PBXVariantGroup;
			children = (
				CFC75B062A2CE3D500D7F86D /* Base */,
			);
			name = LaunchScreen.storyboard;
			sourceTree = "<group>";
		};
		CFC75B312A2CE63A00D7F86D /* HomeScreen.storyboard */ = {
			isa = PBXVariantGroup;
			children = (
				CFC75B322A2CE63A00D7F86D /* Base */,
			);
			name = HomeScreen.storyboard;
			sourceTree = "<group>";
		};
/* End PBXVariantGroup section */

/* Begin XCBuildConfiguration section */
		CF5CB2662A3086D800ECC21E /* Debug */ = {
			isa = XCBuildConfiguration;
			baseConfigurationReference = C96181047C28FE6501BD0124 /* Pods-MoviesAppTests.debug.xcconfig */;
			buildSettings = {
				BUNDLE_LOADER = "$(TEST_HOST)";
				CODE_SIGN_STYLE = Automatic;
				CURRENT_PROJECT_VERSION = 1;
				GENERATE_INFOPLIST_FILE = YES;
				MARKETING_VERSION = 1.0;
				PRODUCT_BUNDLE_IDENTIFIER = com.MohamedAENasser.MoviesAppTests;
				PRODUCT_NAME = "$(TARGET_NAME)";
				SWIFT_EMIT_LOC_STRINGS = NO;
				SWIFT_VERSION = 5.0;
				TARGETED_DEVICE_FAMILY = "1,2";
				TEST_HOST = "$(BUILT_PRODUCTS_DIR)/MoviesApp.app/$(BUNDLE_EXECUTABLE_FOLDER_PATH)/MoviesApp";
			};
			name = Debug;
		};
		CF5CB2672A3086D800ECC21E /* Release */ = {
			isa = XCBuildConfiguration;
			baseConfigurationReference = 23586B1FD7FDE236251118E1 /* Pods-MoviesAppTests.release.xcconfig */;
			buildSettings = {
				BUNDLE_LOADER = "$(TEST_HOST)";
				CODE_SIGN_STYLE = Automatic;
				CURRENT_PROJECT_VERSION = 1;
				GENERATE_INFOPLIST_FILE = YES;
				MARKETING_VERSION = 1.0;
				PRODUCT_BUNDLE_IDENTIFIER = com.MohamedAENasser.MoviesAppTests;
				PRODUCT_NAME = "$(TARGET_NAME)";
				SWIFT_EMIT_LOC_STRINGS = NO;
				SWIFT_VERSION = 5.0;
				TARGETED_DEVICE_FAMILY = "1,2";
				TEST_HOST = "$(BUILT_PRODUCTS_DIR)/MoviesApp.app/$(BUNDLE_EXECUTABLE_FOLDER_PATH)/MoviesApp";
			};
			name = Release;
		};
		CFC75B092A2CE3D500D7F86D /* Debug */ = {
			isa = XCBuildConfiguration;
			buildSettings = {
				ALWAYS_SEARCH_USER_PATHS = NO;
				CLANG_ANALYZER_NONNULL = YES;
				CLANG_ANALYZER_NUMBER_OBJECT_CONVERSION = YES_AGGRESSIVE;
				CLANG_CXX_LANGUAGE_STANDARD = "gnu++20";
				CLANG_ENABLE_MODULES = YES;
				CLANG_ENABLE_OBJC_ARC = YES;
				CLANG_ENABLE_OBJC_WEAK = YES;
				CLANG_WARN_BLOCK_CAPTURE_AUTORELEASING = YES;
				CLANG_WARN_BOOL_CONVERSION = YES;
				CLANG_WARN_COMMA = YES;
				CLANG_WARN_CONSTANT_CONVERSION = YES;
				CLANG_WARN_DEPRECATED_OBJC_IMPLEMENTATIONS = YES;
				CLANG_WARN_DIRECT_OBJC_ISA_USAGE = YES_ERROR;
				CLANG_WARN_DOCUMENTATION_COMMENTS = YES;
				CLANG_WARN_EMPTY_BODY = YES;
				CLANG_WARN_ENUM_CONVERSION = YES;
				CLANG_WARN_INFINITE_RECURSION = YES;
				CLANG_WARN_INT_CONVERSION = YES;
				CLANG_WARN_NON_LITERAL_NULL_CONVERSION = YES;
				CLANG_WARN_OBJC_IMPLICIT_RETAIN_SELF = YES;
				CLANG_WARN_OBJC_LITERAL_CONVERSION = YES;
				CLANG_WARN_OBJC_ROOT_CLASS = YES_ERROR;
				CLANG_WARN_QUOTED_INCLUDE_IN_FRAMEWORK_HEADER = YES;
				CLANG_WARN_RANGE_LOOP_ANALYSIS = YES;
				CLANG_WARN_STRICT_PROTOTYPES = YES;
				CLANG_WARN_SUSPICIOUS_MOVE = YES;
				CLANG_WARN_UNGUARDED_AVAILABILITY = YES_AGGRESSIVE;
				CLANG_WARN_UNREACHABLE_CODE = YES;
				CLANG_WARN__DUPLICATE_METHOD_MATCH = YES;
				COPY_PHASE_STRIP = NO;
				DEBUG_INFORMATION_FORMAT = dwarf;
				ENABLE_STRICT_OBJC_MSGSEND = YES;
				ENABLE_TESTABILITY = YES;
				GCC_C_LANGUAGE_STANDARD = gnu11;
				GCC_DYNAMIC_NO_PIC = NO;
				GCC_NO_COMMON_BLOCKS = YES;
				GCC_OPTIMIZATION_LEVEL = 0;
				GCC_PREPROCESSOR_DEFINITIONS = (
					"DEBUG=1",
					"$(inherited)",
				);
				GCC_WARN_64_TO_32_BIT_CONVERSION = YES;
				GCC_WARN_ABOUT_RETURN_TYPE = YES_ERROR;
				GCC_WARN_UNDECLARED_SELECTOR = YES;
				GCC_WARN_UNINITIALIZED_AUTOS = YES_AGGRESSIVE;
				GCC_WARN_UNUSED_FUNCTION = YES;
				GCC_WARN_UNUSED_VARIABLE = YES;
				IPHONEOS_DEPLOYMENT_TARGET = 16.4;
				MTL_ENABLE_DEBUG_INFO = INCLUDE_SOURCE;
				MTL_FAST_MATH = YES;
				ONLY_ACTIVE_ARCH = YES;
				SDKROOT = iphoneos;
				SWIFT_ACTIVE_COMPILATION_CONDITIONS = DEBUG;
				SWIFT_OPTIMIZATION_LEVEL = "-Onone";
			};
			name = Debug;
		};
		CFC75B0A2A2CE3D500D7F86D /* Release */ = {
			isa = XCBuildConfiguration;
			buildSettings = {
				ALWAYS_SEARCH_USER_PATHS = NO;
				CLANG_ANALYZER_NONNULL = YES;
				CLANG_ANALYZER_NUMBER_OBJECT_CONVERSION = YES_AGGRESSIVE;
				CLANG_CXX_LANGUAGE_STANDARD = "gnu++20";
				CLANG_ENABLE_MODULES = YES;
				CLANG_ENABLE_OBJC_ARC = YES;
				CLANG_ENABLE_OBJC_WEAK = YES;
				CLANG_WARN_BLOCK_CAPTURE_AUTORELEASING = YES;
				CLANG_WARN_BOOL_CONVERSION = YES;
				CLANG_WARN_COMMA = YES;
				CLANG_WARN_CONSTANT_CONVERSION = YES;
				CLANG_WARN_DEPRECATED_OBJC_IMPLEMENTATIONS = YES;
				CLANG_WARN_DIRECT_OBJC_ISA_USAGE = YES_ERROR;
				CLANG_WARN_DOCUMENTATION_COMMENTS = YES;
				CLANG_WARN_EMPTY_BODY = YES;
				CLANG_WARN_ENUM_CONVERSION = YES;
				CLANG_WARN_INFINITE_RECURSION = YES;
				CLANG_WARN_INT_CONVERSION = YES;
				CLANG_WARN_NON_LITERAL_NULL_CONVERSION = YES;
				CLANG_WARN_OBJC_IMPLICIT_RETAIN_SELF = YES;
				CLANG_WARN_OBJC_LITERAL_CONVERSION = YES;
				CLANG_WARN_OBJC_ROOT_CLASS = YES_ERROR;
				CLANG_WARN_QUOTED_INCLUDE_IN_FRAMEWORK_HEADER = YES;
				CLANG_WARN_RANGE_LOOP_ANALYSIS = YES;
				CLANG_WARN_STRICT_PROTOTYPES = YES;
				CLANG_WARN_SUSPICIOUS_MOVE = YES;
				CLANG_WARN_UNGUARDED_AVAILABILITY = YES_AGGRESSIVE;
				CLANG_WARN_UNREACHABLE_CODE = YES;
				CLANG_WARN__DUPLICATE_METHOD_MATCH = YES;
				COPY_PHASE_STRIP = NO;
				DEBUG_INFORMATION_FORMAT = "dwarf-with-dsym";
				ENABLE_NS_ASSERTIONS = NO;
				ENABLE_STRICT_OBJC_MSGSEND = YES;
				GCC_C_LANGUAGE_STANDARD = gnu11;
				GCC_NO_COMMON_BLOCKS = YES;
				GCC_WARN_64_TO_32_BIT_CONVERSION = YES;
				GCC_WARN_ABOUT_RETURN_TYPE = YES_ERROR;
				GCC_WARN_UNDECLARED_SELECTOR = YES;
				GCC_WARN_UNINITIALIZED_AUTOS = YES_AGGRESSIVE;
				GCC_WARN_UNUSED_FUNCTION = YES;
				GCC_WARN_UNUSED_VARIABLE = YES;
				IPHONEOS_DEPLOYMENT_TARGET = 16.4;
				MTL_ENABLE_DEBUG_INFO = NO;
				MTL_FAST_MATH = YES;
				SDKROOT = iphoneos;
				SWIFT_COMPILATION_MODE = wholemodule;
				SWIFT_OPTIMIZATION_LEVEL = "-O";
				VALIDATE_PRODUCT = YES;
			};
			name = Release;
		};
		CFC75B0C2A2CE3D500D7F86D /* Debug */ = {
			isa = XCBuildConfiguration;
			baseConfigurationReference = 9C567061233D2C8181A1CD38 /* Pods-MoviesApp.debug.xcconfig */;
			buildSettings = {
				ASSETCATALOG_COMPILER_APPICON_NAME = AppIcon;
				ASSETCATALOG_COMPILER_GLOBAL_ACCENT_COLOR_NAME = AccentColor;
				CODE_SIGN_STYLE = Automatic;
				CURRENT_PROJECT_VERSION = 1;
				GENERATE_INFOPLIST_FILE = YES;
				INFOPLIST_FILE = MoviesApp/Info.plist;
				INFOPLIST_KEY_UIApplicationSupportsIndirectInputEvents = YES;
				INFOPLIST_KEY_UILaunchStoryboardName = LaunchScreen;
				INFOPLIST_KEY_UIMainStoryboardFile = HomeScreen;
				INFOPLIST_KEY_UISupportedInterfaceOrientations_iPad = "UIInterfaceOrientationPortrait UIInterfaceOrientationPortraitUpsideDown UIInterfaceOrientationLandscapeLeft UIInterfaceOrientationLandscapeRight";
				INFOPLIST_KEY_UISupportedInterfaceOrientations_iPhone = "UIInterfaceOrientationPortrait UIInterfaceOrientationLandscapeLeft UIInterfaceOrientationLandscapeRight";
				LD_RUNPATH_SEARCH_PATHS = (
					"$(inherited)",
					"@executable_path/Frameworks",
				);
				MARKETING_VERSION = 1.0;
				PRODUCT_BUNDLE_IDENTIFIER = com.MohamedAENasser.MoviesApp;
				PRODUCT_NAME = "$(TARGET_NAME)";
				SWIFT_EMIT_LOC_STRINGS = YES;
				SWIFT_VERSION = 5.0;
				TARGETED_DEVICE_FAMILY = "1,2";
			};
			name = Debug;
		};
		CFC75B0D2A2CE3D500D7F86D /* Release */ = {
			isa = XCBuildConfiguration;
			baseConfigurationReference = EED9C07B18992EE2C35A1327 /* Pods-MoviesApp.release.xcconfig */;
			buildSettings = {
				ASSETCATALOG_COMPILER_APPICON_NAME = AppIcon;
				ASSETCATALOG_COMPILER_GLOBAL_ACCENT_COLOR_NAME = AccentColor;
				CODE_SIGN_STYLE = Automatic;
				CURRENT_PROJECT_VERSION = 1;
				GENERATE_INFOPLIST_FILE = YES;
				INFOPLIST_FILE = MoviesApp/Info.plist;
				INFOPLIST_KEY_UIApplicationSupportsIndirectInputEvents = YES;
				INFOPLIST_KEY_UILaunchStoryboardName = LaunchScreen;
				INFOPLIST_KEY_UIMainStoryboardFile = HomeScreen;
				INFOPLIST_KEY_UISupportedInterfaceOrientations_iPad = "UIInterfaceOrientationPortrait UIInterfaceOrientationPortraitUpsideDown UIInterfaceOrientationLandscapeLeft UIInterfaceOrientationLandscapeRight";
				INFOPLIST_KEY_UISupportedInterfaceOrientations_iPhone = "UIInterfaceOrientationPortrait UIInterfaceOrientationLandscapeLeft UIInterfaceOrientationLandscapeRight";
				LD_RUNPATH_SEARCH_PATHS = (
					"$(inherited)",
					"@executable_path/Frameworks",
				);
				MARKETING_VERSION = 1.0;
				PRODUCT_BUNDLE_IDENTIFIER = com.MohamedAENasser.MoviesApp;
				PRODUCT_NAME = "$(TARGET_NAME)";
				SWIFT_EMIT_LOC_STRINGS = YES;
				SWIFT_VERSION = 5.0;
				TARGETED_DEVICE_FAMILY = "1,2";
			};
			name = Release;
		};
/* End XCBuildConfiguration section */

/* Begin XCConfigurationList section */
		CF5CB2682A3086D800ECC21E /* Build configuration list for PBXNativeTarget "MoviesAppTests" */ = {
			isa = XCConfigurationList;
			buildConfigurations = (
				CF5CB2662A3086D800ECC21E /* Debug */,
				CF5CB2672A3086D800ECC21E /* Release */,
			);
			defaultConfigurationIsVisible = 0;
			defaultConfigurationName = Release;
		};
		CFC75AF22A2CE3D200D7F86D /* Build configuration list for PBXProject "MoviesApp" */ = {
			isa = XCConfigurationList;
			buildConfigurations = (
				CFC75B092A2CE3D500D7F86D /* Debug */,
				CFC75B0A2A2CE3D500D7F86D /* Release */,
			);
			defaultConfigurationIsVisible = 0;
			defaultConfigurationName = Release;
		};
		CFC75B0B2A2CE3D500D7F86D /* Build configuration list for PBXNativeTarget "MoviesApp" */ = {
			isa = XCConfigurationList;
			buildConfigurations = (
				CFC75B0C2A2CE3D500D7F86D /* Debug */,
				CFC75B0D2A2CE3D500D7F86D /* Release */,
			);
			defaultConfigurationIsVisible = 0;
			defaultConfigurationName = Release;
		};
/* End XCConfigurationList section */
	};
	rootObject = CFC75AEF2A2CE3D200D7F86D /* Project object */;
}
