// !$*UTF8*$!
{
	archiveVersion = 1;
	classes = {
	};
	objectVersion = 56;
	objects = {

/* Begin PBXBuildFile section */
		CFC75AFB2A2CE3D300D7F86D /* AppDelegate.swift in Sources */ = {isa = PBXBuildFile; fileRef = CFC75AFA2A2CE3D300D7F86D /* AppDelegate.swift */; };
		CFC75AFD2A2CE3D300D7F86D /* SceneDelegate.swift in Sources */ = {isa = PBXBuildFile; fileRef = CFC75AFC2A2CE3D300D7F86D /* SceneDelegate.swift */; };
		CFC75B042A2CE3D500D7F86D /* Assets.xcassets in Resources */ = {isa = PBXBuildFile; fileRef = CFC75B032A2CE3D500D7F86D /* Assets.xcassets */; };
		CFC75B072A2CE3D500D7F86D /* LaunchScreen.storyboard in Resources */ = {isa = PBXBuildFile; fileRef = CFC75B052A2CE3D500D7F86D /* LaunchScreen.storyboard */; };
		CFC75B122A2CE46700D7F86D /* MoviesResponse.swift in Sources */ = {isa = PBXBuildFile; fileRef = CFC75B112A2CE46700D7F86D /* MoviesResponse.swift */; };
		CFC75B172A2CE48D00D7F86D /* AppError.swift in Sources */ = {isa = PBXBuildFile; fileRef = CFC75B142A2CE48D00D7F86D /* AppError.swift */; };
		CFC75B1E2A2CE49A00D7F86D /* MoviesTarget.swift in Sources */ = {isa = PBXBuildFile; fileRef = CFC75B1B2A2CE49A00D7F86D /* MoviesTarget.swift */; };
		CFC75B1F2A2CE49A00D7F86D /* MoviesService.swift in Sources */ = {isa = PBXBuildFile; fileRef = CFC75B1D2A2CE49A00D7F86D /* MoviesService.swift */; };
		CFC75B222A2CE62300D7F86D /* NibLoadableView.swift in Sources */ = {isa = PBXBuildFile; fileRef = CFC75B202A2CE62300D7F86D /* NibLoadableView.swift */; };
		CFC75B232A2CE62300D7F86D /* ReusableView.swift in Sources */ = {isa = PBXBuildFile; fileRef = CFC75B212A2CE62300D7F86D /* ReusableView.swift */; };
		CFC75B282A2CE63100D7F86D /* UICollectionViewCell+ReusableView.swift in Sources */ = {isa = PBXBuildFile; fileRef = CFC75B252A2CE63100D7F86D /* UICollectionViewCell+ReusableView.swift */; };
		CFC75B292A2CE63100D7F86D /* Collection+SafeAccess.swift in Sources */ = {isa = PBXBuildFile; fileRef = CFC75B262A2CE63100D7F86D /* Collection+SafeAccess.swift */; };
		CFC75B2A2A2CE63100D7F86D /* UICollectionView+Registeration.swift in Sources */ = {isa = PBXBuildFile; fileRef = CFC75B272A2CE63100D7F86D /* UICollectionView+Registeration.swift */; };
		CFC75B382A2CE63A00D7F86D /* HomeScreenViewModel.swift in Sources */ = {isa = PBXBuildFile; fileRef = CFC75B2E2A2CE63A00D7F86D /* HomeScreenViewModel.swift */; };
		CFC75B392A2CE63A00D7F86D /* HomeScreenViewController+CollectionView.swift in Sources */ = {isa = PBXBuildFile; fileRef = CFC75B302A2CE63A00D7F86D /* HomeScreenViewController+CollectionView.swift */; };
		CFC75B3A2A2CE63A00D7F86D /* HomeScreen.storyboard in Resources */ = {isa = PBXBuildFile; fileRef = CFC75B312A2CE63A00D7F86D /* HomeScreen.storyboard */; };
		CFC75B3B2A2CE63A00D7F86D /* HomeScreenViewController.swift in Sources */ = {isa = PBXBuildFile; fileRef = CFC75B332A2CE63A00D7F86D /* HomeScreenViewController.swift */; };
		CFC75B3C2A2CE63A00D7F86D /* HomeScreenEnlargedCell.xib in Resources */ = {isa = PBXBuildFile; fileRef = CFC75B362A2CE63A00D7F86D /* HomeScreenEnlargedCell.xib */; };
		CFC75B3D2A2CE63A00D7F86D /* HomeScreenEnlargedCell.swift in Sources */ = {isa = PBXBuildFile; fileRef = CFC75B372A2CE63A00D7F86D /* HomeScreenEnlargedCell.swift */; };
		E52057429AAB57B72A5E576F /* Pods_MoviesApp.framework in Frameworks */ = {isa = PBXBuildFile; fileRef = ED2F86E962BDB2AD6A859E28 /* Pods_MoviesApp.framework */; };
/* End PBXBuildFile section */

/* Begin PBXFileReference section */
		9C567061233D2C8181A1CD38 /* Pods-MoviesApp.debug.xcconfig */ = {isa = PBXFileReference; includeInIndex = 1; lastKnownFileType = text.xcconfig; name = "Pods-MoviesApp.debug.xcconfig"; path = "Target Support Files/Pods-MoviesApp/Pods-MoviesApp.debug.xcconfig"; sourceTree = "<group>"; };
		CFC75AF72A2CE3D300D7F86D /* MoviesApp.app */ = {isa = PBXFileReference; explicitFileType = wrapper.application; includeInIndex = 0; path = MoviesApp.app; sourceTree = BUILT_PRODUCTS_DIR; };
		CFC75AFA2A2CE3D300D7F86D /* AppDelegate.swift */ = {isa = PBXFileReference; lastKnownFileType = sourcecode.swift; path = AppDelegate.swift; sourceTree = "<group>"; };
		CFC75AFC2A2CE3D300D7F86D /* SceneDelegate.swift */ = {isa = PBXFileReference; lastKnownFileType = sourcecode.swift; path = SceneDelegate.swift; sourceTree = "<group>"; };
		CFC75B032A2CE3D500D7F86D /* Assets.xcassets */ = {isa = PBXFileReference; lastKnownFileType = folder.assetcatalog; path = Assets.xcassets; sourceTree = "<group>"; };
		CFC75B062A2CE3D500D7F86D /* Base */ = {isa = PBXFileReference; lastKnownFileType = file.storyboard; name = Base; path = Base.lproj/LaunchScreen.storyboard; sourceTree = "<group>"; };
		CFC75B082A2CE3D500D7F86D /* Info.plist */ = {isa = PBXFileReference; lastKnownFileType = text.plist.xml; path = Info.plist; sourceTree = "<group>"; };
		CFC75B112A2CE46700D7F86D /* MoviesResponse.swift */ = {isa = PBXFileReference; fileEncoding = 4; lastKnownFileType = sourcecode.swift; path = MoviesResponse.swift; sourceTree = "<group>"; };
		CFC75B142A2CE48D00D7F86D /* AppError.swift */ = {isa = PBXFileReference; fileEncoding = 4; lastKnownFileType = sourcecode.swift; path = AppError.swift; sourceTree = "<group>"; };
		CFC75B1B2A2CE49A00D7F86D /* MoviesTarget.swift */ = {isa = PBXFileReference; fileEncoding = 4; lastKnownFileType = sourcecode.swift; path = MoviesTarget.swift; sourceTree = "<group>"; };
		CFC75B1D2A2CE49A00D7F86D /* MoviesService.swift */ = {isa = PBXFileReference; fileEncoding = 4; lastKnownFileType = sourcecode.swift; path = MoviesService.swift; sourceTree = "<group>"; };
		CFC75B202A2CE62300D7F86D /* NibLoadableView.swift */ = {isa = PBXFileReference; fileEncoding = 4; lastKnownFileType = sourcecode.swift; path = NibLoadableView.swift; sourceTree = "<group>"; };
		CFC75B212A2CE62300D7F86D /* ReusableView.swift */ = {isa = PBXFileReference; fileEncoding = 4; lastKnownFileType = sourcecode.swift; path = ReusableView.swift; sourceTree = "<group>"; };
		CFC75B252A2CE63100D7F86D /* UICollectionViewCell+ReusableView.swift */ = {isa = PBXFileReference; fileEncoding = 4; lastKnownFileType = sourcecode.swift; path = "UICollectionViewCell+ReusableView.swift"; sourceTree = "<group>"; };
		CFC75B262A2CE63100D7F86D /* Collection+SafeAccess.swift */ = {isa = PBXFileReference; fileEncoding = 4; lastKnownFileType = sourcecode.swift; path = "Collection+SafeAccess.swift"; sourceTree = "<group>"; };
		CFC75B272A2CE63100D7F86D /* UICollectionView+Registeration.swift */ = {isa = PBXFileReference; fileEncoding = 4; lastKnownFileType = sourcecode.swift; path = "UICollectionView+Registeration.swift"; sourceTree = "<group>"; };
		CFC75B2E2A2CE63A00D7F86D /* HomeScreenViewModel.swift */ = {isa = PBXFileReference; fileEncoding = 4; lastKnownFileType = sourcecode.swift; path = HomeScreenViewModel.swift; sourceTree = "<group>"; };
		CFC75B302A2CE63A00D7F86D /* HomeScreenViewController+CollectionView.swift */ = {isa = PBXFileReference; fileEncoding = 4; lastKnownFileType = sourcecode.swift; path = "HomeScreenViewController+CollectionView.swift"; sourceTree = "<group>"; };
		CFC75B322A2CE63A00D7F86D /* Base */ = {isa = PBXFileReference; lastKnownFileType = file.storyboard; name = Base; path = Base.lproj/HomeScreen.storyboard; sourceTree = "<group>"; };
		CFC75B332A2CE63A00D7F86D /* HomeScreenViewController.swift */ = {isa = PBXFileReference; fileEncoding = 4; lastKnownFileType = sourcecode.swift; path = HomeScreenViewController.swift; sourceTree = "<group>"; };
		CFC75B362A2CE63A00D7F86D /* HomeScreenEnlargedCell.xib */ = {isa = PBXFileReference; fileEncoding = 4; lastKnownFileType = file.xib; path = HomeScreenEnlargedCell.xib; sourceTree = "<group>"; };
		CFC75B372A2CE63A00D7F86D /* HomeScreenEnlargedCell.swift */ = {isa = PBXFileReference; fileEncoding = 4; lastKnownFileType = sourcecode.swift; path = HomeScreenEnlargedCell.swift; sourceTree = "<group>"; };
		ED2F86E962BDB2AD6A859E28 /* Pods_MoviesApp.framework */ = {isa = PBXFileReference; explicitFileType = wrapper.framework; includeInIndex = 0; path = Pods_MoviesApp.framework; sourceTree = BUILT_PRODUCTS_DIR; };
		EED9C07B18992EE2C35A1327 /* Pods-MoviesApp.release.xcconfig */ = {isa = PBXFileReference; includeInIndex = 1; lastKnownFileType = text.xcconfig; name = "Pods-MoviesApp.release.xcconfig"; path = "Target Support Files/Pods-MoviesApp/Pods-MoviesApp.release.xcconfig"; sourceTree = "<group>"; };
/* End PBXFileReference section */

/* Begin PBXFrameworksBuildPhase section */
		CFC75AF42A2CE3D300D7F86D /* Frameworks */ = {
			isa = PBXFrameworksBuildPhase;
			buildActionMask = 2147483647;
			files = (
				E52057429AAB57B72A5E576F /* Pods_MoviesApp.framework in Frameworks */,
			);
			runOnlyForDeploymentPostprocessing = 0;
		};
/* End PBXFrameworksBuildPhase section */

/* Begin PBXGroup section */
		229B56D4855D74428BEC3E4D /* Frameworks */ = {
			isa = PBXGroup;
			children = (
				ED2F86E962BDB2AD6A859E28 /* Pods_MoviesApp.framework */,
			);
			name = Frameworks;
			sourceTree = "<group>";
		};
		23A84DB4A97EA8331542D29E /* Pods */ = {
			isa = PBXGroup;
			children = (
				9C567061233D2C8181A1CD38 /* Pods-MoviesApp.debug.xcconfig */,
				EED9C07B18992EE2C35A1327 /* Pods-MoviesApp.release.xcconfig */,
			);
			path = Pods;
			sourceTree = "<group>";
		};
		CFC75AEE2A2CE3D200D7F86D = {
			isa = PBXGroup;
			children = (
				CFC75AF92A2CE3D300D7F86D /* MoviesApp */,
				CFC75AF82A2CE3D300D7F86D /* Products */,
				23A84DB4A97EA8331542D29E /* Pods */,
				229B56D4855D74428BEC3E4D /* Frameworks */,
			);
			sourceTree = "<group>";
		};
		CFC75AF82A2CE3D300D7F86D /* Products */ = {
			isa = PBXGroup;
			children = (
				CFC75AF72A2CE3D300D7F86D /* MoviesApp.app */,
			);
			name = Products;
			sourceTree = "<group>";
		};
		CFC75AF92A2CE3D300D7F86D /* MoviesApp */ = {
			isa = PBXGroup;
			children = (
				CFC75AFA2A2CE3D300D7F86D /* AppDelegate.swift */,
				CFC75AFC2A2CE3D300D7F86D /* SceneDelegate.swift */,
				CFC75B2B2A2CE63A00D7F86D /* Screens */,
				CFC75B102A2CE46700D7F86D /* Model */,
				CFC75B132A2CE48D00D7F86D /* Utils */,
				CFC75B1A2A2CE49A00D7F86D /* Network */,
				CFC75B242A2CE63100D7F86D /* Extensions */,
				CFC75B032A2CE3D500D7F86D /* Assets.xcassets */,
				CFC75B052A2CE3D500D7F86D /* LaunchScreen.storyboard */,
				CFC75B082A2CE3D500D7F86D /* Info.plist */,
			);
			path = MoviesApp;
			sourceTree = "<group>";
		};
		CFC75B102A2CE46700D7F86D /* Model */ = {
			isa = PBXGroup;
			children = (
				CFC75B112A2CE46700D7F86D /* MoviesResponse.swift */,
			);
			path = Model;
			sourceTree = "<group>";
		};
		CFC75B132A2CE48D00D7F86D /* Utils */ = {
			isa = PBXGroup;
			children = (
				CFC75B142A2CE48D00D7F86D /* AppError.swift */,
				CFC75B202A2CE62300D7F86D /* NibLoadableView.swift */,
				CFC75B212A2CE62300D7F86D /* ReusableView.swift */,
			);
			path = Utils;
			sourceTree = "<group>";
		};
		CFC75B1A2A2CE49A00D7F86D /* Network */ = {
			isa = PBXGroup;
			children = (
				CFC75B1B2A2CE49A00D7F86D /* MoviesTarget.swift */,
				CFC75B1C2A2CE49A00D7F86D /* Services */,
			);
			path = Network;
			sourceTree = "<group>";
		};
		CFC75B1C2A2CE49A00D7F86D /* Services */ = {
			isa = PBXGroup;
			children = (
				CFC75B1D2A2CE49A00D7F86D /* MoviesService.swift */,
			);
			path = Services;
			sourceTree = "<group>";
		};
		CFC75B242A2CE63100D7F86D /* Extensions */ = {
			isa = PBXGroup;
			children = (
				CFC75B252A2CE63100D7F86D /* UICollectionViewCell+ReusableView.swift */,
				CFC75B262A2CE63100D7F86D /* Collection+SafeAccess.swift */,
				CFC75B272A2CE63100D7F86D /* UICollectionView+Registeration.swift */,
			);
			path = Extensions;
			sourceTree = "<group>";
		};
		CFC75B2B2A2CE63A00D7F86D /* Screens */ = {
			isa = PBXGroup;
			children = (
				CFC75B2C2A2CE63A00D7F86D /* Home */,
				CFC75B342A2CE63A00D7F86D /* Cells */,
			);
			path = Screens;
			sourceTree = "<group>";
		};
		CFC75B2C2A2CE63A00D7F86D /* Home */ = {
			isa = PBXGroup;
			children = (
				CFC75B2D2A2CE63A00D7F86D /* ViewModel */,
				CFC75B2F2A2CE63A00D7F86D /* View */,
			);
			path = Home;
			sourceTree = "<group>";
		};
		CFC75B2D2A2CE63A00D7F86D /* ViewModel */ = {
			isa = PBXGroup;
			children = (
				CFC75B2E2A2CE63A00D7F86D /* HomeScreenViewModel.swift */,
			);
			path = ViewModel;
			sourceTree = "<group>";
		};
		CFC75B2F2A2CE63A00D7F86D /* View */ = {
			isa = PBXGroup;
			children = (
				CFC75B302A2CE63A00D7F86D /* HomeScreenViewController+CollectionView.swift */,
				CFC75B312A2CE63A00D7F86D /* HomeScreen.storyboard */,
				CFC75B332A2CE63A00D7F86D /* HomeScreenViewController.swift */,
			);
			path = View;
			sourceTree = "<group>";
		};
		CFC75B342A2CE63A00D7F86D /* Cells */ = {
			isa = PBXGroup;
			children = (
				CFC75B352A2CE63A00D7F86D /* View */,
			);
			path = Cells;
			sourceTree = "<group>";
		};
		CFC75B352A2CE63A00D7F86D /* View */ = {
			isa = PBXGroup;
			children = (
				CFC75B362A2CE63A00D7F86D /* HomeScreenEnlargedCell.xib */,
				CFC75B372A2CE63A00D7F86D /* HomeScreenEnlargedCell.swift */,
			);
			path = View;
			sourceTree = "<group>";
		};
/* End PBXGroup section */

/* Begin PBXNativeTarget section */
		CFC75AF62A2CE3D300D7F86D /* MoviesApp */ = {
			isa = PBXNativeTarget;
			buildConfigurationList = CFC75B0B2A2CE3D500D7F86D /* Build configuration list for PBXNativeTarget "MoviesApp" */;
			buildPhases = (
				61E96F71372F5010D30E53F1 /* [CP] Check Pods Manifest.lock */,
				CFC75AF32A2CE3D300D7F86D /* Sources */,
				CFC75AF42A2CE3D300D7F86D /* Frameworks */,
				CFC75AF52A2CE3D300D7F86D /* Resources */,
				3F9C51ABA6CCE7DB298C9B6D /* [CP] Embed Pods Frameworks */,
			);
			buildRules = (
			);
			dependencies = (
			);
			name = MoviesApp;
			productName = MoviesApp;
			productReference = CFC75AF72A2CE3D300D7F86D /* MoviesApp.app */;
			productType = "com.apple.product-type.application";
		};
/* End PBXNativeTarget section */

/* Begin PBXProject section */
		CFC75AEF2A2CE3D200D7F86D /* Project object */ = {
			isa = PBXProject;
			attributes = {
				BuildIndependentTargetsInParallel = 1;
				LastSwiftUpdateCheck = 1430;
				LastUpgradeCheck = 1430;
				TargetAttributes = {
					CFC75AF62A2CE3D300D7F86D = {
						CreatedOnToolsVersion = 14.3;
					};
				};
			};
			buildConfigurationList = CFC75AF22A2CE3D200D7F86D /* Build configuration list for PBXProject "MoviesApp" */;
			compatibilityVersion = "Xcode 14.0";
			developmentRegion = en;
			hasScannedForEncodings = 0;
			knownRegions = (
				en,
				Base,
			);
			mainGroup = CFC75AEE2A2CE3D200D7F86D;
			productRefGroup = CFC75AF82A2CE3D300D7F86D /* Products */;
			projectDirPath = "";
			projectRoot = "";
			targets = (
				CFC75AF62A2CE3D300D7F86D /* MoviesApp */,
			);
		};
/* End PBXProject section */

/* Begin PBXResourcesBuildPhase section */
		CFC75AF52A2CE3D300D7F86D /* Resources */ = {
			isa = PBXResourcesBuildPhase;
			buildActionMask = 2147483647;
			files = (
				CFC75B072A2CE3D500D7F86D /* LaunchScreen.storyboard in Resources */,
				CFC75B3C2A2CE63A00D7F86D /* HomeScreenEnlargedCell.xib in Resources */,
				CFC75B3A2A2CE63A00D7F86D /* HomeScreen.storyboard in Resources */,
				CFC75B042A2CE3D500D7F86D /* Assets.xcassets in Resources */,
			);
			runOnlyForDeploymentPostprocessing = 0;
		};
/* End PBXResourcesBuildPhase section */

/* Begin PBXShellScriptBuildPhase section */
		3F9C51ABA6CCE7DB298C9B6D /* [CP] Embed Pods Frameworks */ = {
			isa = PBXShellScriptBuildPhase;
			buildActionMask = 2147483647;
			files = (
			);
			inputFileListPaths = (
				"${PODS_ROOT}/Target Support Files/Pods-MoviesApp/Pods-MoviesApp-frameworks-${CONFIGURATION}-input-files.xcfilelist",
			);
			name = "[CP] Embed Pods Frameworks";
			outputFileListPaths = (
				"${PODS_ROOT}/Target Support Files/Pods-MoviesApp/Pods-MoviesApp-frameworks-${CONFIGURATION}-output-files.xcfilelist",
			);
			runOnlyForDeploymentPostprocessing = 0;
			shellPath = /bin/sh;
			shellScript = "\"${PODS_ROOT}/Target Support Files/Pods-MoviesApp/Pods-MoviesApp-frameworks.sh\"\n";
			showEnvVarsInLog = 0;
		};
		61E96F71372F5010D30E53F1 /* [CP] Check Pods Manifest.lock */ = {
			isa = PBXShellScriptBuildPhase;
			buildActionMask = 2147483647;
			files = (
			);
			inputFileListPaths = (
			);
			inputPaths = (
				"${PODS_PODFILE_DIR_PATH}/Podfile.lock",
				"${PODS_ROOT}/Manifest.lock",
			);
			name = "[CP] Check Pods Manifest.lock";
			outputFileListPaths = (
			);
			outputPaths = (
				"$(DERIVED_FILE_DIR)/Pods-MoviesApp-checkManifestLockResult.txt",
			);
			runOnlyForDeploymentPostprocessing = 0;
			shellPath = /bin/sh;
			shellScript = "diff \"${PODS_PODFILE_DIR_PATH}/Podfile.lock\" \"${PODS_ROOT}/Manifest.lock\" > /dev/null\nif [ $? != 0 ] ; then\n    # print error to STDERR\n    echo \"error: The sandbox is not in sync with the Podfile.lock. Run 'pod install' or update your CocoaPods installation.\" >&2\n    exit 1\nfi\n# This output is used by Xcode 'outputs' to avoid re-running this script phase.\necho \"SUCCESS\" > \"${SCRIPT_OUTPUT_FILE_0}\"\n";
			showEnvVarsInLog = 0;
		};
/* End PBXShellScriptBuildPhase section */

/* Begin PBXSourcesBuildPhase section */
		CFC75AF32A2CE3D300D7F86D /* Sources */ = {
			isa = PBXSourcesBuildPhase;
			buildActionMask = 2147483647;
			files = (
				CFC75B232A2CE62300D7F86D /* ReusableView.swift in Sources */,
				CFC75B222A2CE62300D7F86D /* NibLoadableView.swift in Sources */,
				CFC75B3D2A2CE63A00D7F86D /* HomeScreenEnlargedCell.swift in Sources */,
				CFC75B122A2CE46700D7F86D /* MoviesResponse.swift in Sources */,
				CFC75B172A2CE48D00D7F86D /* AppError.swift in Sources */,
				CFC75B1E2A2CE49A00D7F86D /* MoviesTarget.swift in Sources */,
				CFC75B1F2A2CE49A00D7F86D /* MoviesService.swift in Sources */,
				CFC75AFB2A2CE3D300D7F86D /* AppDelegate.swift in Sources */,
				CFC75B282A2CE63100D7F86D /* UICollectionViewCell+ReusableView.swift in Sources */,
				CFC75B382A2CE63A00D7F86D /* HomeScreenViewModel.swift in Sources */,
				CFC75B392A2CE63A00D7F86D /* HomeScreenViewController+CollectionView.swift in Sources */,
				CFC75B292A2CE63100D7F86D /* Collection+SafeAccess.swift in Sources */,
				CFC75AFD2A2CE3D300D7F86D /* SceneDelegate.swift in Sources */,
				CFC75B2A2A2CE63100D7F86D /* UICollectionView+Registeration.swift in Sources */,
				CFC75B3B2A2CE63A00D7F86D /* HomeScreenViewController.swift in Sources */,
			);
			runOnlyForDeploymentPostprocessing = 0;
		};
/* End PBXSourcesBuildPhase section */

/* Begin PBXVariantGroup section */
		CFC75B052A2CE3D500D7F86D /* LaunchScreen.storyboard */ = {
			isa = PBXVariantGroup;
			children = (
				CFC75B062A2CE3D500D7F86D /* Base */,
			);
			name = LaunchScreen.storyboard;
			sourceTree = "<group>";
		};
		CFC75B312A2CE63A00D7F86D /* HomeScreen.storyboard */ = {
			isa = PBXVariantGroup;
			children = (
				CFC75B322A2CE63A00D7F86D /* Base */,
			);
			name = HomeScreen.storyboard;
			sourceTree = "<group>";
		};
/* End PBXVariantGroup section */

/* Begin XCBuildConfiguration section */
		CFC75B092A2CE3D500D7F86D /* Debug */ = {
			isa = XCBuildConfiguration;
			buildSettings = {
				ALWAYS_SEARCH_USER_PATHS = NO;
				CLANG_ANALYZER_NONNULL = YES;
				CLANG_ANALYZER_NUMBER_OBJECT_CONVERSION = YES_AGGRESSIVE;
				CLANG_CXX_LANGUAGE_STANDARD = "gnu++20";
				CLANG_ENABLE_MODULES = YES;
				CLANG_ENABLE_OBJC_ARC = YES;
				CLANG_ENABLE_OBJC_WEAK = YES;
				CLANG_WARN_BLOCK_CAPTURE_AUTORELEASING = YES;
				CLANG_WARN_BOOL_CONVERSION = YES;
				CLANG_WARN_COMMA = YES;
				CLANG_WARN_CONSTANT_CONVERSION = YES;
				CLANG_WARN_DEPRECATED_OBJC_IMPLEMENTATIONS = YES;
				CLANG_WARN_DIRECT_OBJC_ISA_USAGE = YES_ERROR;
				CLANG_WARN_DOCUMENTATION_COMMENTS = YES;
				CLANG_WARN_EMPTY_BODY = YES;
				CLANG_WARN_ENUM_CONVERSION = YES;
				CLANG_WARN_INFINITE_RECURSION = YES;
				CLANG_WARN_INT_CONVERSION = YES;
				CLANG_WARN_NON_LITERAL_NULL_CONVERSION = YES;
				CLANG_WARN_OBJC_IMPLICIT_RETAIN_SELF = YES;
				CLANG_WARN_OBJC_LITERAL_CONVERSION = YES;
				CLANG_WARN_OBJC_ROOT_CLASS = YES_ERROR;
				CLANG_WARN_QUOTED_INCLUDE_IN_FRAMEWORK_HEADER = YES;
				CLANG_WARN_RANGE_LOOP_ANALYSIS = YES;
				CLANG_WARN_STRICT_PROTOTYPES = YES;
				CLANG_WARN_SUSPICIOUS_MOVE = YES;
				CLANG_WARN_UNGUARDED_AVAILABILITY = YES_AGGRESSIVE;
				CLANG_WARN_UNREACHABLE_CODE = YES;
				CLANG_WARN__DUPLICATE_METHOD_MATCH = YES;
				COPY_PHASE_STRIP = NO;
				DEBUG_INFORMATION_FORMAT = dwarf;
				ENABLE_STRICT_OBJC_MSGSEND = YES;
				ENABLE_TESTABILITY = YES;
				GCC_C_LANGUAGE_STANDARD = gnu11;
				GCC_DYNAMIC_NO_PIC = NO;
				GCC_NO_COMMON_BLOCKS = YES;
				GCC_OPTIMIZATION_LEVEL = 0;
				GCC_PREPROCESSOR_DEFINITIONS = (
					"DEBUG=1",
					"$(inherited)",
				);
				GCC_WARN_64_TO_32_BIT_CONVERSION = YES;
				GCC_WARN_ABOUT_RETURN_TYPE = YES_ERROR;
				GCC_WARN_UNDECLARED_SELECTOR = YES;
				GCC_WARN_UNINITIALIZED_AUTOS = YES_AGGRESSIVE;
				GCC_WARN_UNUSED_FUNCTION = YES;
				GCC_WARN_UNUSED_VARIABLE = YES;
				IPHONEOS_DEPLOYMENT_TARGET = 16.4;
				MTL_ENABLE_DEBUG_INFO = INCLUDE_SOURCE;
				MTL_FAST_MATH = YES;
				ONLY_ACTIVE_ARCH = YES;
				SDKROOT = iphoneos;
				SWIFT_ACTIVE_COMPILATION_CONDITIONS = DEBUG;
				SWIFT_OPTIMIZATION_LEVEL = "-Onone";
			};
			name = Debug;
		};
		CFC75B0A2A2CE3D500D7F86D /* Release */ = {
			isa = XCBuildConfiguration;
			buildSettings = {
				ALWAYS_SEARCH_USER_PATHS = NO;
				CLANG_ANALYZER_NONNULL = YES;
				CLANG_ANALYZER_NUMBER_OBJECT_CONVERSION = YES_AGGRESSIVE;
				CLANG_CXX_LANGUAGE_STANDARD = "gnu++20";
				CLANG_ENABLE_MODULES = YES;
				CLANG_ENABLE_OBJC_ARC = YES;
				CLANG_ENABLE_OBJC_WEAK = YES;
				CLANG_WARN_BLOCK_CAPTURE_AUTORELEASING = YES;
				CLANG_WARN_BOOL_CONVERSION = YES;
				CLANG_WARN_COMMA = YES;
				CLANG_WARN_CONSTANT_CONVERSION = YES;
				CLANG_WARN_DEPRECATED_OBJC_IMPLEMENTATIONS = YES;
				CLANG_WARN_DIRECT_OBJC_ISA_USAGE = YES_ERROR;
				CLANG_WARN_DOCUMENTATION_COMMENTS = YES;
				CLANG_WARN_EMPTY_BODY = YES;
				CLANG_WARN_ENUM_CONVERSION = YES;
				CLANG_WARN_INFINITE_RECURSION = YES;
				CLANG_WARN_INT_CONVERSION = YES;
				CLANG_WARN_NON_LITERAL_NULL_CONVERSION = YES;
				CLANG_WARN_OBJC_IMPLICIT_RETAIN_SELF = YES;
				CLANG_WARN_OBJC_LITERAL_CONVERSION = YES;
				CLANG_WARN_OBJC_ROOT_CLASS = YES_ERROR;
				CLANG_WARN_QUOTED_INCLUDE_IN_FRAMEWORK_HEADER = YES;
				CLANG_WARN_RANGE_LOOP_ANALYSIS = YES;
				CLANG_WARN_STRICT_PROTOTYPES = YES;
				CLANG_WARN_SUSPICIOUS_MOVE = YES;
				CLANG_WARN_UNGUARDED_AVAILABILITY = YES_AGGRESSIVE;
				CLANG_WARN_UNREACHABLE_CODE = YES;
				CLANG_WARN__DUPLICATE_METHOD_MATCH = YES;
				COPY_PHASE_STRIP = NO;
				DEBUG_INFORMATION_FORMAT = "dwarf-with-dsym";
				ENABLE_NS_ASSERTIONS = NO;
				ENABLE_STRICT_OBJC_MSGSEND = YES;
				GCC_C_LANGUAGE_STANDARD = gnu11;
				GCC_NO_COMMON_BLOCKS = YES;
				GCC_WARN_64_TO_32_BIT_CONVERSION = YES;
				GCC_WARN_ABOUT_RETURN_TYPE = YES_ERROR;
				GCC_WARN_UNDECLARED_SELECTOR = YES;
				GCC_WARN_UNINITIALIZED_AUTOS = YES_AGGRESSIVE;
				GCC_WARN_UNUSED_FUNCTION = YES;
				GCC_WARN_UNUSED_VARIABLE = YES;
				IPHONEOS_DEPLOYMENT_TARGET = 16.4;
				MTL_ENABLE_DEBUG_INFO = NO;
				MTL_FAST_MATH = YES;
				SDKROOT = iphoneos;
				SWIFT_COMPILATION_MODE = wholemodule;
				SWIFT_OPTIMIZATION_LEVEL = "-O";
				VALIDATE_PRODUCT = YES;
			};
			name = Release;
		};
		CFC75B0C2A2CE3D500D7F86D /* Debug */ = {
			isa = XCBuildConfiguration;
			baseConfigurationReference = 9C567061233D2C8181A1CD38 /* Pods-MoviesApp.debug.xcconfig */;
			buildSettings = {
				ASSETCATALOG_COMPILER_APPICON_NAME = AppIcon;
				ASSETCATALOG_COMPILER_GLOBAL_ACCENT_COLOR_NAME = AccentColor;
				CODE_SIGN_STYLE = Automatic;
				CURRENT_PROJECT_VERSION = 1;
				GENERATE_INFOPLIST_FILE = YES;
				INFOPLIST_FILE = MoviesApp/Info.plist;
				INFOPLIST_KEY_UIApplicationSupportsIndirectInputEvents = YES;
				INFOPLIST_KEY_UILaunchStoryboardName = LaunchScreen;
				INFOPLIST_KEY_UIMainStoryboardFile = HomeScreen;
				INFOPLIST_KEY_UISupportedInterfaceOrientations_iPad = "UIInterfaceOrientationPortrait UIInterfaceOrientationPortraitUpsideDown UIInterfaceOrientationLandscapeLeft UIInterfaceOrientationLandscapeRight";
				INFOPLIST_KEY_UISupportedInterfaceOrientations_iPhone = "UIInterfaceOrientationPortrait UIInterfaceOrientationLandscapeLeft UIInterfaceOrientationLandscapeRight";
				LD_RUNPATH_SEARCH_PATHS = (
					"$(inherited)",
					"@executable_path/Frameworks",
				);
				MARKETING_VERSION = 1.0;
				PRODUCT_BUNDLE_IDENTIFIER = com.MohamedAENasser.MoviesApp;
				PRODUCT_NAME = "$(TARGET_NAME)";
				SWIFT_EMIT_LOC_STRINGS = YES;
				SWIFT_VERSION = 5.0;
				TARGETED_DEVICE_FAMILY = "1,2";
			};
			name = Debug;
		};
		CFC75B0D2A2CE3D500D7F86D /* Release */ = {
			isa = XCBuildConfiguration;
			baseConfigurationReference = EED9C07B18992EE2C35A1327 /* Pods-MoviesApp.release.xcconfig */;
			buildSettings = {
				ASSETCATALOG_COMPILER_APPICON_NAME = AppIcon;
				ASSETCATALOG_COMPILER_GLOBAL_ACCENT_COLOR_NAME = AccentColor;
				CODE_SIGN_STYLE = Automatic;
				CURRENT_PROJECT_VERSION = 1;
				GENERATE_INFOPLIST_FILE = YES;
				INFOPLIST_FILE = MoviesApp/Info.plist;
				INFOPLIST_KEY_UIApplicationSupportsIndirectInputEvents = YES;
				INFOPLIST_KEY_UILaunchStoryboardName = LaunchScreen;
				INFOPLIST_KEY_UIMainStoryboardFile = HomeScreen;
				INFOPLIST_KEY_UISupportedInterfaceOrientations_iPad = "UIInterfaceOrientationPortrait UIInterfaceOrientationPortraitUpsideDown UIInterfaceOrientationLandscapeLeft UIInterfaceOrientationLandscapeRight";
				INFOPLIST_KEY_UISupportedInterfaceOrientations_iPhone = "UIInterfaceOrientationPortrait UIInterfaceOrientationLandscapeLeft UIInterfaceOrientationLandscapeRight";
				LD_RUNPATH_SEARCH_PATHS = (
					"$(inherited)",
					"@executable_path/Frameworks",
				);
				MARKETING_VERSION = 1.0;
				PRODUCT_BUNDLE_IDENTIFIER = com.MohamedAENasser.MoviesApp;
				PRODUCT_NAME = "$(TARGET_NAME)";
				SWIFT_EMIT_LOC_STRINGS = YES;
				SWIFT_VERSION = 5.0;
				TARGETED_DEVICE_FAMILY = "1,2";
			};
			name = Release;
		};
/* End XCBuildConfiguration section */

/* Begin XCConfigurationList section */
		CFC75AF22A2CE3D200D7F86D /* Build configuration list for PBXProject "MoviesApp" */ = {
			isa = XCConfigurationList;
			buildConfigurations = (
				CFC75B092A2CE3D500D7F86D /* Debug */,
				CFC75B0A2A2CE3D500D7F86D /* Release */,
			);
			defaultConfigurationIsVisible = 0;
			defaultConfigurationName = Release;
		};
		CFC75B0B2A2CE3D500D7F86D /* Build configuration list for PBXNativeTarget "MoviesApp" */ = {
			isa = XCConfigurationList;
			buildConfigurations = (
				CFC75B0C2A2CE3D500D7F86D /* Debug */,
				CFC75B0D2A2CE3D500D7F86D /* Release */,
			);
			defaultConfigurationIsVisible = 0;
			defaultConfigurationName = Release;
		};
/* End XCConfigurationList section */
	};
	rootObject = CFC75AEF2A2CE3D200D7F86D /* Project object */;
}
